
Microsoft Visual Studio Solution File, Format Version 12.00
# Visual Studio 14
VisualStudioVersion = 14.0.25420.1
MinimumVisualStudioVersion = 10.0.40219.1
Project("{FAE04EC0-301F-11D3-BF4B-00C04F79EFBC}") = "Chamou.Web", "Chamou.Web\Chamou.Web.csproj", "{C77DE585-061A-47D8-99A1-8217B407D32F}"
EndProject
Project("{FAE04EC0-301F-11D3-BF4B-00C04F79EFBC}") = "Chamou.WindowsApp", "Chamou.WindowsApp\Chamou.WindowsApp.csproj", "{5B0890CD-1108-4D9C-948D-89A91882B365}"
EndProject
Project("{FAE04EC0-301F-11D3-BF4B-00C04F79EFBC}") = "Chamou.TcpProxyConsole", "Chamou.TcpProxyConsole\Chamou.TcpProxyConsole.csproj", "{7C44C1DE-74D8-4F35-A1CA-D0743DA73DF4}"
EndProject
Project("{CC5FD16D-436D-48AD-A40C-5A424C6E3E79}") = "Chamou.TcpProxyService", "Chamou.TcpProxyService\Chamou.TcpProxyService.ccproj", "{F3EC953A-33BE-4E19-AFB3-5D54C22B164C}"
EndProject
Project("{FAE04EC0-301F-11D3-BF4B-00C04F79EFBC}") = "Chamou.TcpProxyServiceRole", "Chamou.TcpProxyServiceRole\Chamou.TcpProxyServiceRole.csproj", "{E7D51C50-9F59-4380-B4F8-DD4ECE3EC37C}"
EndProject
Project("{FAE04EC0-301F-11D3-BF4B-00C04F79EFBC}") = "Chamou.TcpProxy", "Chamou.TcpProxy\Chamou.TcpProxy.csproj", "{8AB96A86-C9A1-4CC0-B9BA-7AD0C1DAFCFA}"
EndProject
Project("{FAE04EC0-301F-11D3-BF4B-00C04F79EFBC}") = "Chamou.AppCommon", "Chamou.AppCommon\Chamou.AppCommon.csproj", "{B34D43EC-B104-411E-915A-FF366F13801F}"
EndProject
Project("{FAE04EC0-301F-11D3-BF4B-00C04F79EFBC}") = "Chamou.App.Droid", "Chamou.App\Chamou.App.Droid\Chamou.App.Droid.csproj", "{47E47BF7-89A8-400D-8A98-41D21C3BB8AA}"
EndProject
Project("{FAE04EC0-301F-11D3-BF4B-00C04F79EFBC}") = "Chamou.App.iOS", "Chamou.App\Chamou.App.iOS\Chamou.App.iOS.csproj", "{BB0F4B43-764F-4F1E-A056-490D23275601}"
EndProject
Project("{FAE04EC0-301F-11D3-BF4B-00C04F79EFBC}") = "Chamou.App.WinPhone", "Chamou.App\Chamou.App.WinPhone\Chamou.App.WinPhone.csproj", "{4CD54B5E-31E7-45E4-959C-CAB3E982232E}"
EndProject
Project("{FAE04EC0-301F-11D3-BF4B-00C04F79EFBC}") = "Chamou.App.UWP", "Chamou.App\Chamou.App.UWP\Chamou.App.UWP.csproj", "{83247A12-F730-460E-94FD-4F11E4FDFFAE}"
EndProject
Project("{FAE04EC0-301F-11D3-BF4B-00C04F79EFBC}") = "Chamou.App.Windows", "Chamou.App\Chamou.App.Windows\Chamou.App.Windows.csproj", "{39FB6FE5-3C4D-4298-A860-4F83CC206CEC}"
EndProject
Project("{FAE04EC0-301F-11D3-BF4B-00C04F79EFBC}") = "Chamou.App", "Chamou.App\Chamou.App\Chamou.App.csproj", "{949D194F-1B7D-4A6E-9190-C3946882B384}"
EndProject
Global
	GlobalSection(SolutionConfigurationPlatforms) = preSolution
		Ad-Hoc|Any CPU = Ad-Hoc|Any CPU
		Ad-Hoc|ARM = Ad-Hoc|ARM
		Ad-Hoc|iPhone = Ad-Hoc|iPhone
		Ad-Hoc|iPhoneSimulator = Ad-Hoc|iPhoneSimulator
		Ad-Hoc|x64 = Ad-Hoc|x64
		Ad-Hoc|x86 = Ad-Hoc|x86
		AppStore|Any CPU = AppStore|Any CPU
		AppStore|ARM = AppStore|ARM
		AppStore|iPhone = AppStore|iPhone
		AppStore|iPhoneSimulator = AppStore|iPhoneSimulator
		AppStore|x64 = AppStore|x64
		AppStore|x86 = AppStore|x86
		Debug|Any CPU = Debug|Any CPU
		Debug|ARM = Debug|ARM
		Debug|iPhone = Debug|iPhone
		Debug|iPhoneSimulator = Debug|iPhoneSimulator
		Debug|x64 = Debug|x64
		Debug|x86 = Debug|x86
		Release|Any CPU = Release|Any CPU
		Release|ARM = Release|ARM
		Release|iPhone = Release|iPhone
		Release|iPhoneSimulator = Release|iPhoneSimulator
		Release|x64 = Release|x64
		Release|x86 = Release|x86
	EndGlobalSection
	GlobalSection(ProjectConfigurationPlatforms) = postSolution
		{C77DE585-061A-47D8-99A1-8217B407D32F}.Ad-Hoc|Any CPU.ActiveCfg = Release|Any CPU
		{C77DE585-061A-47D8-99A1-8217B407D32F}.Ad-Hoc|Any CPU.Build.0 = Release|Any CPU
		{C77DE585-061A-47D8-99A1-8217B407D32F}.Ad-Hoc|ARM.ActiveCfg = Release|Any CPU
		{C77DE585-061A-47D8-99A1-8217B407D32F}.Ad-Hoc|ARM.Build.0 = Release|Any CPU
		{C77DE585-061A-47D8-99A1-8217B407D32F}.Ad-Hoc|iPhone.ActiveCfg = Release|Any CPU
		{C77DE585-061A-47D8-99A1-8217B407D32F}.Ad-Hoc|iPhone.Build.0 = Release|Any CPU
		{C77DE585-061A-47D8-99A1-8217B407D32F}.Ad-Hoc|iPhoneSimulator.ActiveCfg = Release|Any CPU
		{C77DE585-061A-47D8-99A1-8217B407D32F}.Ad-Hoc|iPhoneSimulator.Build.0 = Release|Any CPU
		{C77DE585-061A-47D8-99A1-8217B407D32F}.Ad-Hoc|x64.ActiveCfg = Release|Any CPU
		{C77DE585-061A-47D8-99A1-8217B407D32F}.Ad-Hoc|x64.Build.0 = Release|Any CPU
		{C77DE585-061A-47D8-99A1-8217B407D32F}.Ad-Hoc|x86.ActiveCfg = Release|Any CPU
		{C77DE585-061A-47D8-99A1-8217B407D32F}.Ad-Hoc|x86.Build.0 = Release|Any CPU
		{C77DE585-061A-47D8-99A1-8217B407D32F}.AppStore|Any CPU.ActiveCfg = Release|Any CPU
		{C77DE585-061A-47D8-99A1-8217B407D32F}.AppStore|Any CPU.Build.0 = Release|Any CPU
		{C77DE585-061A-47D8-99A1-8217B407D32F}.AppStore|ARM.ActiveCfg = Release|Any CPU
		{C77DE585-061A-47D8-99A1-8217B407D32F}.AppStore|ARM.Build.0 = Release|Any CPU
		{C77DE585-061A-47D8-99A1-8217B407D32F}.AppStore|iPhone.ActiveCfg = Release|Any CPU
		{C77DE585-061A-47D8-99A1-8217B407D32F}.AppStore|iPhone.Build.0 = Release|Any CPU
		{C77DE585-061A-47D8-99A1-8217B407D32F}.AppStore|iPhoneSimulator.ActiveCfg = Release|Any CPU
		{C77DE585-061A-47D8-99A1-8217B407D32F}.AppStore|iPhoneSimulator.Build.0 = Release|Any CPU
		{C77DE585-061A-47D8-99A1-8217B407D32F}.AppStore|x64.ActiveCfg = Release|Any CPU
		{C77DE585-061A-47D8-99A1-8217B407D32F}.AppStore|x64.Build.0 = Release|Any CPU
		{C77DE585-061A-47D8-99A1-8217B407D32F}.AppStore|x86.ActiveCfg = Release|Any CPU
		{C77DE585-061A-47D8-99A1-8217B407D32F}.AppStore|x86.Build.0 = Release|Any CPU
		{C77DE585-061A-47D8-99A1-8217B407D32F}.Debug|Any CPU.ActiveCfg = Debug|Any CPU
		{C77DE585-061A-47D8-99A1-8217B407D32F}.Debug|Any CPU.Build.0 = Debug|Any CPU
		{C77DE585-061A-47D8-99A1-8217B407D32F}.Debug|ARM.ActiveCfg = Debug|Any CPU
		{C77DE585-061A-47D8-99A1-8217B407D32F}.Debug|ARM.Build.0 = Debug|Any CPU
		{C77DE585-061A-47D8-99A1-8217B407D32F}.Debug|iPhone.ActiveCfg = Debug|Any CPU
		{C77DE585-061A-47D8-99A1-8217B407D32F}.Debug|iPhone.Build.0 = Debug|Any CPU
		{C77DE585-061A-47D8-99A1-8217B407D32F}.Debug|iPhoneSimulator.ActiveCfg = Debug|Any CPU
		{C77DE585-061A-47D8-99A1-8217B407D32F}.Debug|iPhoneSimulator.Build.0 = Debug|Any CPU
		{C77DE585-061A-47D8-99A1-8217B407D32F}.Debug|x64.ActiveCfg = Debug|Any CPU
		{C77DE585-061A-47D8-99A1-8217B407D32F}.Debug|x64.Build.0 = Debug|Any CPU
		{C77DE585-061A-47D8-99A1-8217B407D32F}.Debug|x86.ActiveCfg = Debug|Any CPU
		{C77DE585-061A-47D8-99A1-8217B407D32F}.Debug|x86.Build.0 = Debug|Any CPU
		{C77DE585-061A-47D8-99A1-8217B407D32F}.Release|Any CPU.ActiveCfg = Release|Any CPU
		{C77DE585-061A-47D8-99A1-8217B407D32F}.Release|Any CPU.Build.0 = Release|Any CPU
		{C77DE585-061A-47D8-99A1-8217B407D32F}.Release|ARM.ActiveCfg = Release|Any CPU
		{C77DE585-061A-47D8-99A1-8217B407D32F}.Release|ARM.Build.0 = Release|Any CPU
		{C77DE585-061A-47D8-99A1-8217B407D32F}.Release|iPhone.ActiveCfg = Release|Any CPU
		{C77DE585-061A-47D8-99A1-8217B407D32F}.Release|iPhone.Build.0 = Release|Any CPU
		{C77DE585-061A-47D8-99A1-8217B407D32F}.Release|iPhoneSimulator.ActiveCfg = Release|Any CPU
		{C77DE585-061A-47D8-99A1-8217B407D32F}.Release|iPhoneSimulator.Build.0 = Release|Any CPU
		{C77DE585-061A-47D8-99A1-8217B407D32F}.Release|x64.ActiveCfg = Release|Any CPU
		{C77DE585-061A-47D8-99A1-8217B407D32F}.Release|x64.Build.0 = Release|Any CPU
		{C77DE585-061A-47D8-99A1-8217B407D32F}.Release|x86.ActiveCfg = Release|Any CPU
		{C77DE585-061A-47D8-99A1-8217B407D32F}.Release|x86.Build.0 = Release|Any CPU
		{5B0890CD-1108-4D9C-948D-89A91882B365}.Ad-Hoc|Any CPU.ActiveCfg = Release|x64
		{5B0890CD-1108-4D9C-948D-89A91882B365}.Ad-Hoc|Any CPU.Build.0 = Release|x64
		{5B0890CD-1108-4D9C-948D-89A91882B365}.Ad-Hoc|Any CPU.Deploy.0 = Release|x64
		{5B0890CD-1108-4D9C-948D-89A91882B365}.Ad-Hoc|ARM.ActiveCfg = Release|ARM
		{5B0890CD-1108-4D9C-948D-89A91882B365}.Ad-Hoc|ARM.Build.0 = Release|ARM
		{5B0890CD-1108-4D9C-948D-89A91882B365}.Ad-Hoc|ARM.Deploy.0 = Release|ARM
		{5B0890CD-1108-4D9C-948D-89A91882B365}.Ad-Hoc|iPhone.ActiveCfg = Release|x64
		{5B0890CD-1108-4D9C-948D-89A91882B365}.Ad-Hoc|iPhone.Build.0 = Release|x64
		{5B0890CD-1108-4D9C-948D-89A91882B365}.Ad-Hoc|iPhone.Deploy.0 = Release|x64
		{5B0890CD-1108-4D9C-948D-89A91882B365}.Ad-Hoc|iPhoneSimulator.ActiveCfg = Release|x64
		{5B0890CD-1108-4D9C-948D-89A91882B365}.Ad-Hoc|iPhoneSimulator.Build.0 = Release|x64
		{5B0890CD-1108-4D9C-948D-89A91882B365}.Ad-Hoc|iPhoneSimulator.Deploy.0 = Release|x64
		{5B0890CD-1108-4D9C-948D-89A91882B365}.Ad-Hoc|x64.ActiveCfg = Release|x64
		{5B0890CD-1108-4D9C-948D-89A91882B365}.Ad-Hoc|x64.Build.0 = Release|x64
		{5B0890CD-1108-4D9C-948D-89A91882B365}.Ad-Hoc|x64.Deploy.0 = Release|x64
		{5B0890CD-1108-4D9C-948D-89A91882B365}.Ad-Hoc|x86.ActiveCfg = Release|x86
		{5B0890CD-1108-4D9C-948D-89A91882B365}.Ad-Hoc|x86.Build.0 = Release|x86
		{5B0890CD-1108-4D9C-948D-89A91882B365}.Ad-Hoc|x86.Deploy.0 = Release|x86
		{5B0890CD-1108-4D9C-948D-89A91882B365}.AppStore|Any CPU.ActiveCfg = Release|x64
		{5B0890CD-1108-4D9C-948D-89A91882B365}.AppStore|Any CPU.Build.0 = Release|x64
		{5B0890CD-1108-4D9C-948D-89A91882B365}.AppStore|Any CPU.Deploy.0 = Release|x64
		{5B0890CD-1108-4D9C-948D-89A91882B365}.AppStore|ARM.ActiveCfg = Release|ARM
		{5B0890CD-1108-4D9C-948D-89A91882B365}.AppStore|ARM.Build.0 = Release|ARM
		{5B0890CD-1108-4D9C-948D-89A91882B365}.AppStore|ARM.Deploy.0 = Release|ARM
		{5B0890CD-1108-4D9C-948D-89A91882B365}.AppStore|iPhone.ActiveCfg = Release|x64
		{5B0890CD-1108-4D9C-948D-89A91882B365}.AppStore|iPhone.Build.0 = Release|x64
		{5B0890CD-1108-4D9C-948D-89A91882B365}.AppStore|iPhone.Deploy.0 = Release|x64
		{5B0890CD-1108-4D9C-948D-89A91882B365}.AppStore|iPhoneSimulator.ActiveCfg = Release|x64
		{5B0890CD-1108-4D9C-948D-89A91882B365}.AppStore|iPhoneSimulator.Build.0 = Release|x64
		{5B0890CD-1108-4D9C-948D-89A91882B365}.AppStore|iPhoneSimulator.Deploy.0 = Release|x64
		{5B0890CD-1108-4D9C-948D-89A91882B365}.AppStore|x64.ActiveCfg = Release|x64
		{5B0890CD-1108-4D9C-948D-89A91882B365}.AppStore|x64.Build.0 = Release|x64
		{5B0890CD-1108-4D9C-948D-89A91882B365}.AppStore|x64.Deploy.0 = Release|x64
		{5B0890CD-1108-4D9C-948D-89A91882B365}.AppStore|x86.ActiveCfg = Release|x86
		{5B0890CD-1108-4D9C-948D-89A91882B365}.AppStore|x86.Build.0 = Release|x86
		{5B0890CD-1108-4D9C-948D-89A91882B365}.AppStore|x86.Deploy.0 = Release|x86
		{5B0890CD-1108-4D9C-948D-89A91882B365}.Debug|Any CPU.ActiveCfg = Debug|x86
		{5B0890CD-1108-4D9C-948D-89A91882B365}.Debug|ARM.ActiveCfg = Debug|ARM
		{5B0890CD-1108-4D9C-948D-89A91882B365}.Debug|ARM.Build.0 = Debug|ARM
		{5B0890CD-1108-4D9C-948D-89A91882B365}.Debug|ARM.Deploy.0 = Debug|ARM
		{5B0890CD-1108-4D9C-948D-89A91882B365}.Debug|iPhone.ActiveCfg = Debug|x86
		{5B0890CD-1108-4D9C-948D-89A91882B365}.Debug|iPhoneSimulator.ActiveCfg = Debug|x86
		{5B0890CD-1108-4D9C-948D-89A91882B365}.Debug|x64.ActiveCfg = Debug|x64
		{5B0890CD-1108-4D9C-948D-89A91882B365}.Debug|x64.Build.0 = Debug|x64
		{5B0890CD-1108-4D9C-948D-89A91882B365}.Debug|x64.Deploy.0 = Debug|x64
		{5B0890CD-1108-4D9C-948D-89A91882B365}.Debug|x86.ActiveCfg = Debug|x86
		{5B0890CD-1108-4D9C-948D-89A91882B365}.Debug|x86.Build.0 = Debug|x86
		{5B0890CD-1108-4D9C-948D-89A91882B365}.Debug|x86.Deploy.0 = Debug|x86
		{5B0890CD-1108-4D9C-948D-89A91882B365}.Release|Any CPU.ActiveCfg = Release|x86
		{5B0890CD-1108-4D9C-948D-89A91882B365}.Release|ARM.ActiveCfg = Release|ARM
		{5B0890CD-1108-4D9C-948D-89A91882B365}.Release|ARM.Build.0 = Release|ARM
		{5B0890CD-1108-4D9C-948D-89A91882B365}.Release|ARM.Deploy.0 = Release|ARM
		{5B0890CD-1108-4D9C-948D-89A91882B365}.Release|iPhone.ActiveCfg = Release|x86
		{5B0890CD-1108-4D9C-948D-89A91882B365}.Release|iPhoneSimulator.ActiveCfg = Release|x86
		{5B0890CD-1108-4D9C-948D-89A91882B365}.Release|x64.ActiveCfg = Release|x64
		{5B0890CD-1108-4D9C-948D-89A91882B365}.Release|x64.Build.0 = Release|x64
		{5B0890CD-1108-4D9C-948D-89A91882B365}.Release|x64.Deploy.0 = Release|x64
		{5B0890CD-1108-4D9C-948D-89A91882B365}.Release|x86.ActiveCfg = Release|x86
		{5B0890CD-1108-4D9C-948D-89A91882B365}.Release|x86.Build.0 = Release|x86
		{5B0890CD-1108-4D9C-948D-89A91882B365}.Release|x86.Deploy.0 = Release|x86
		{7C44C1DE-74D8-4F35-A1CA-D0743DA73DF4}.Ad-Hoc|Any CPU.ActiveCfg = Release|Any CPU
		{7C44C1DE-74D8-4F35-A1CA-D0743DA73DF4}.Ad-Hoc|Any CPU.Build.0 = Release|Any CPU
		{7C44C1DE-74D8-4F35-A1CA-D0743DA73DF4}.Ad-Hoc|ARM.ActiveCfg = Release|Any CPU
		{7C44C1DE-74D8-4F35-A1CA-D0743DA73DF4}.Ad-Hoc|ARM.Build.0 = Release|Any CPU
		{7C44C1DE-74D8-4F35-A1CA-D0743DA73DF4}.Ad-Hoc|iPhone.ActiveCfg = Release|Any CPU
		{7C44C1DE-74D8-4F35-A1CA-D0743DA73DF4}.Ad-Hoc|iPhone.Build.0 = Release|Any CPU
		{7C44C1DE-74D8-4F35-A1CA-D0743DA73DF4}.Ad-Hoc|iPhoneSimulator.ActiveCfg = Release|Any CPU
		{7C44C1DE-74D8-4F35-A1CA-D0743DA73DF4}.Ad-Hoc|iPhoneSimulator.Build.0 = Release|Any CPU
		{7C44C1DE-74D8-4F35-A1CA-D0743DA73DF4}.Ad-Hoc|x64.ActiveCfg = Release|Any CPU
		{7C44C1DE-74D8-4F35-A1CA-D0743DA73DF4}.Ad-Hoc|x64.Build.0 = Release|Any CPU
		{7C44C1DE-74D8-4F35-A1CA-D0743DA73DF4}.Ad-Hoc|x86.ActiveCfg = Release|Any CPU
		{7C44C1DE-74D8-4F35-A1CA-D0743DA73DF4}.Ad-Hoc|x86.Build.0 = Release|Any CPU
		{7C44C1DE-74D8-4F35-A1CA-D0743DA73DF4}.AppStore|Any CPU.ActiveCfg = Release|Any CPU
		{7C44C1DE-74D8-4F35-A1CA-D0743DA73DF4}.AppStore|Any CPU.Build.0 = Release|Any CPU
		{7C44C1DE-74D8-4F35-A1CA-D0743DA73DF4}.AppStore|ARM.ActiveCfg = Release|Any CPU
		{7C44C1DE-74D8-4F35-A1CA-D0743DA73DF4}.AppStore|ARM.Build.0 = Release|Any CPU
		{7C44C1DE-74D8-4F35-A1CA-D0743DA73DF4}.AppStore|iPhone.ActiveCfg = Release|Any CPU
		{7C44C1DE-74D8-4F35-A1CA-D0743DA73DF4}.AppStore|iPhone.Build.0 = Release|Any CPU
		{7C44C1DE-74D8-4F35-A1CA-D0743DA73DF4}.AppStore|iPhoneSimulator.ActiveCfg = Release|Any CPU
		{7C44C1DE-74D8-4F35-A1CA-D0743DA73DF4}.AppStore|iPhoneSimulator.Build.0 = Release|Any CPU
		{7C44C1DE-74D8-4F35-A1CA-D0743DA73DF4}.AppStore|x64.ActiveCfg = Release|Any CPU
		{7C44C1DE-74D8-4F35-A1CA-D0743DA73DF4}.AppStore|x64.Build.0 = Release|Any CPU
		{7C44C1DE-74D8-4F35-A1CA-D0743DA73DF4}.AppStore|x86.ActiveCfg = Release|Any CPU
		{7C44C1DE-74D8-4F35-A1CA-D0743DA73DF4}.AppStore|x86.Build.0 = Release|Any CPU
		{7C44C1DE-74D8-4F35-A1CA-D0743DA73DF4}.Debug|Any CPU.ActiveCfg = Debug|Any CPU
		{7C44C1DE-74D8-4F35-A1CA-D0743DA73DF4}.Debug|Any CPU.Build.0 = Debug|Any CPU
		{7C44C1DE-74D8-4F35-A1CA-D0743DA73DF4}.Debug|ARM.ActiveCfg = Debug|Any CPU
		{7C44C1DE-74D8-4F35-A1CA-D0743DA73DF4}.Debug|ARM.Build.0 = Debug|Any CPU
		{7C44C1DE-74D8-4F35-A1CA-D0743DA73DF4}.Debug|iPhone.ActiveCfg = Debug|Any CPU
		{7C44C1DE-74D8-4F35-A1CA-D0743DA73DF4}.Debug|iPhone.Build.0 = Debug|Any CPU
		{7C44C1DE-74D8-4F35-A1CA-D0743DA73DF4}.Debug|iPhoneSimulator.ActiveCfg = Debug|Any CPU
		{7C44C1DE-74D8-4F35-A1CA-D0743DA73DF4}.Debug|iPhoneSimulator.Build.0 = Debug|Any CPU
		{7C44C1DE-74D8-4F35-A1CA-D0743DA73DF4}.Debug|x64.ActiveCfg = Debug|Any CPU
		{7C44C1DE-74D8-4F35-A1CA-D0743DA73DF4}.Debug|x64.Build.0 = Debug|Any CPU
		{7C44C1DE-74D8-4F35-A1CA-D0743DA73DF4}.Debug|x86.ActiveCfg = Debug|Any CPU
		{7C44C1DE-74D8-4F35-A1CA-D0743DA73DF4}.Debug|x86.Build.0 = Debug|Any CPU
		{7C44C1DE-74D8-4F35-A1CA-D0743DA73DF4}.Release|Any CPU.ActiveCfg = Release|Any CPU
		{7C44C1DE-74D8-4F35-A1CA-D0743DA73DF4}.Release|Any CPU.Build.0 = Release|Any CPU
		{7C44C1DE-74D8-4F35-A1CA-D0743DA73DF4}.Release|ARM.ActiveCfg = Release|Any CPU
		{7C44C1DE-74D8-4F35-A1CA-D0743DA73DF4}.Release|ARM.Build.0 = Release|Any CPU
		{7C44C1DE-74D8-4F35-A1CA-D0743DA73DF4}.Release|iPhone.ActiveCfg = Release|Any CPU
		{7C44C1DE-74D8-4F35-A1CA-D0743DA73DF4}.Release|iPhone.Build.0 = Release|Any CPU
		{7C44C1DE-74D8-4F35-A1CA-D0743DA73DF4}.Release|iPhoneSimulator.ActiveCfg = Release|Any CPU
		{7C44C1DE-74D8-4F35-A1CA-D0743DA73DF4}.Release|iPhoneSimulator.Build.0 = Release|Any CPU
		{7C44C1DE-74D8-4F35-A1CA-D0743DA73DF4}.Release|x64.ActiveCfg = Release|Any CPU
		{7C44C1DE-74D8-4F35-A1CA-D0743DA73DF4}.Release|x64.Build.0 = Release|Any CPU
		{7C44C1DE-74D8-4F35-A1CA-D0743DA73DF4}.Release|x86.ActiveCfg = Release|Any CPU
		{7C44C1DE-74D8-4F35-A1CA-D0743DA73DF4}.Release|x86.Build.0 = Release|Any CPU
		{F3EC953A-33BE-4E19-AFB3-5D54C22B164C}.Ad-Hoc|Any CPU.ActiveCfg = Release|Any CPU
		{F3EC953A-33BE-4E19-AFB3-5D54C22B164C}.Ad-Hoc|Any CPU.Build.0 = Release|Any CPU
		{F3EC953A-33BE-4E19-AFB3-5D54C22B164C}.Ad-Hoc|ARM.ActiveCfg = Release|Any CPU
		{F3EC953A-33BE-4E19-AFB3-5D54C22B164C}.Ad-Hoc|ARM.Build.0 = Release|Any CPU
		{F3EC953A-33BE-4E19-AFB3-5D54C22B164C}.Ad-Hoc|iPhone.ActiveCfg = Release|Any CPU
		{F3EC953A-33BE-4E19-AFB3-5D54C22B164C}.Ad-Hoc|iPhone.Build.0 = Release|Any CPU
		{F3EC953A-33BE-4E19-AFB3-5D54C22B164C}.Ad-Hoc|iPhoneSimulator.ActiveCfg = Release|Any CPU
		{F3EC953A-33BE-4E19-AFB3-5D54C22B164C}.Ad-Hoc|iPhoneSimulator.Build.0 = Release|Any CPU
		{F3EC953A-33BE-4E19-AFB3-5D54C22B164C}.Ad-Hoc|x64.ActiveCfg = Release|Any CPU
		{F3EC953A-33BE-4E19-AFB3-5D54C22B164C}.Ad-Hoc|x64.Build.0 = Release|Any CPU
		{F3EC953A-33BE-4E19-AFB3-5D54C22B164C}.Ad-Hoc|x86.ActiveCfg = Release|Any CPU
		{F3EC953A-33BE-4E19-AFB3-5D54C22B164C}.Ad-Hoc|x86.Build.0 = Release|Any CPU
		{F3EC953A-33BE-4E19-AFB3-5D54C22B164C}.AppStore|Any CPU.ActiveCfg = Release|Any CPU
		{F3EC953A-33BE-4E19-AFB3-5D54C22B164C}.AppStore|Any CPU.Build.0 = Release|Any CPU
		{F3EC953A-33BE-4E19-AFB3-5D54C22B164C}.AppStore|ARM.ActiveCfg = Release|Any CPU
		{F3EC953A-33BE-4E19-AFB3-5D54C22B164C}.AppStore|ARM.Build.0 = Release|Any CPU
		{F3EC953A-33BE-4E19-AFB3-5D54C22B164C}.AppStore|iPhone.ActiveCfg = Release|Any CPU
		{F3EC953A-33BE-4E19-AFB3-5D54C22B164C}.AppStore|iPhone.Build.0 = Release|Any CPU
		{F3EC953A-33BE-4E19-AFB3-5D54C22B164C}.AppStore|iPhoneSimulator.ActiveCfg = Release|Any CPU
		{F3EC953A-33BE-4E19-AFB3-5D54C22B164C}.AppStore|iPhoneSimulator.Build.0 = Release|Any CPU
		{F3EC953A-33BE-4E19-AFB3-5D54C22B164C}.AppStore|x64.ActiveCfg = Release|Any CPU
		{F3EC953A-33BE-4E19-AFB3-5D54C22B164C}.AppStore|x64.Build.0 = Release|Any CPU
		{F3EC953A-33BE-4E19-AFB3-5D54C22B164C}.AppStore|x86.ActiveCfg = Release|Any CPU
		{F3EC953A-33BE-4E19-AFB3-5D54C22B164C}.AppStore|x86.Build.0 = Release|Any CPU
		{F3EC953A-33BE-4E19-AFB3-5D54C22B164C}.Debug|Any CPU.ActiveCfg = Debug|Any CPU
		{F3EC953A-33BE-4E19-AFB3-5D54C22B164C}.Debug|Any CPU.Build.0 = Debug|Any CPU
		{F3EC953A-33BE-4E19-AFB3-5D54C22B164C}.Debug|ARM.ActiveCfg = Debug|Any CPU
		{F3EC953A-33BE-4E19-AFB3-5D54C22B164C}.Debug|ARM.Build.0 = Debug|Any CPU
		{F3EC953A-33BE-4E19-AFB3-5D54C22B164C}.Debug|iPhone.ActiveCfg = Debug|Any CPU
		{F3EC953A-33BE-4E19-AFB3-5D54C22B164C}.Debug|iPhone.Build.0 = Debug|Any CPU
		{F3EC953A-33BE-4E19-AFB3-5D54C22B164C}.Debug|iPhoneSimulator.ActiveCfg = Debug|Any CPU
		{F3EC953A-33BE-4E19-AFB3-5D54C22B164C}.Debug|iPhoneSimulator.Build.0 = Debug|Any CPU
		{F3EC953A-33BE-4E19-AFB3-5D54C22B164C}.Debug|x64.ActiveCfg = Debug|Any CPU
		{F3EC953A-33BE-4E19-AFB3-5D54C22B164C}.Debug|x64.Build.0 = Debug|Any CPU
		{F3EC953A-33BE-4E19-AFB3-5D54C22B164C}.Debug|x86.ActiveCfg = Debug|Any CPU
		{F3EC953A-33BE-4E19-AFB3-5D54C22B164C}.Debug|x86.Build.0 = Debug|Any CPU
		{F3EC953A-33BE-4E19-AFB3-5D54C22B164C}.Release|Any CPU.ActiveCfg = Release|Any CPU
		{F3EC953A-33BE-4E19-AFB3-5D54C22B164C}.Release|Any CPU.Build.0 = Release|Any CPU
		{F3EC953A-33BE-4E19-AFB3-5D54C22B164C}.Release|ARM.ActiveCfg = Release|Any CPU
		{F3EC953A-33BE-4E19-AFB3-5D54C22B164C}.Release|ARM.Build.0 = Release|Any CPU
		{F3EC953A-33BE-4E19-AFB3-5D54C22B164C}.Release|iPhone.ActiveCfg = Release|Any CPU
		{F3EC953A-33BE-4E19-AFB3-5D54C22B164C}.Release|iPhone.Build.0 = Release|Any CPU
		{F3EC953A-33BE-4E19-AFB3-5D54C22B164C}.Release|iPhoneSimulator.ActiveCfg = Release|Any CPU
		{F3EC953A-33BE-4E19-AFB3-5D54C22B164C}.Release|iPhoneSimulator.Build.0 = Release|Any CPU
		{F3EC953A-33BE-4E19-AFB3-5D54C22B164C}.Release|x64.ActiveCfg = Release|Any CPU
		{F3EC953A-33BE-4E19-AFB3-5D54C22B164C}.Release|x64.Build.0 = Release|Any CPU
		{F3EC953A-33BE-4E19-AFB3-5D54C22B164C}.Release|x86.ActiveCfg = Release|Any CPU
		{F3EC953A-33BE-4E19-AFB3-5D54C22B164C}.Release|x86.Build.0 = Release|Any CPU
		{E7D51C50-9F59-4380-B4F8-DD4ECE3EC37C}.Ad-Hoc|Any CPU.ActiveCfg = Release|Any CPU
		{E7D51C50-9F59-4380-B4F8-DD4ECE3EC37C}.Ad-Hoc|Any CPU.Build.0 = Release|Any CPU
		{E7D51C50-9F59-4380-B4F8-DD4ECE3EC37C}.Ad-Hoc|ARM.ActiveCfg = Release|Any CPU
		{E7D51C50-9F59-4380-B4F8-DD4ECE3EC37C}.Ad-Hoc|ARM.Build.0 = Release|Any CPU
		{E7D51C50-9F59-4380-B4F8-DD4ECE3EC37C}.Ad-Hoc|iPhone.ActiveCfg = Release|Any CPU
		{E7D51C50-9F59-4380-B4F8-DD4ECE3EC37C}.Ad-Hoc|iPhone.Build.0 = Release|Any CPU
		{E7D51C50-9F59-4380-B4F8-DD4ECE3EC37C}.Ad-Hoc|iPhoneSimulator.ActiveCfg = Release|Any CPU
		{E7D51C50-9F59-4380-B4F8-DD4ECE3EC37C}.Ad-Hoc|iPhoneSimulator.Build.0 = Release|Any CPU
		{E7D51C50-9F59-4380-B4F8-DD4ECE3EC37C}.Ad-Hoc|x64.ActiveCfg = Release|Any CPU
		{E7D51C50-9F59-4380-B4F8-DD4ECE3EC37C}.Ad-Hoc|x64.Build.0 = Release|Any CPU
		{E7D51C50-9F59-4380-B4F8-DD4ECE3EC37C}.Ad-Hoc|x86.ActiveCfg = Release|Any CPU
		{E7D51C50-9F59-4380-B4F8-DD4ECE3EC37C}.Ad-Hoc|x86.Build.0 = Release|Any CPU
		{E7D51C50-9F59-4380-B4F8-DD4ECE3EC37C}.AppStore|Any CPU.ActiveCfg = Release|Any CPU
		{E7D51C50-9F59-4380-B4F8-DD4ECE3EC37C}.AppStore|Any CPU.Build.0 = Release|Any CPU
		{E7D51C50-9F59-4380-B4F8-DD4ECE3EC37C}.AppStore|ARM.ActiveCfg = Release|Any CPU
		{E7D51C50-9F59-4380-B4F8-DD4ECE3EC37C}.AppStore|ARM.Build.0 = Release|Any CPU
		{E7D51C50-9F59-4380-B4F8-DD4ECE3EC37C}.AppStore|iPhone.ActiveCfg = Release|Any CPU
		{E7D51C50-9F59-4380-B4F8-DD4ECE3EC37C}.AppStore|iPhone.Build.0 = Release|Any CPU
		{E7D51C50-9F59-4380-B4F8-DD4ECE3EC37C}.AppStore|iPhoneSimulator.ActiveCfg = Release|Any CPU
		{E7D51C50-9F59-4380-B4F8-DD4ECE3EC37C}.AppStore|iPhoneSimulator.Build.0 = Release|Any CPU
		{E7D51C50-9F59-4380-B4F8-DD4ECE3EC37C}.AppStore|x64.ActiveCfg = Release|Any CPU
		{E7D51C50-9F59-4380-B4F8-DD4ECE3EC37C}.AppStore|x64.Build.0 = Release|Any CPU
		{E7D51C50-9F59-4380-B4F8-DD4ECE3EC37C}.AppStore|x86.ActiveCfg = Release|Any CPU
		{E7D51C50-9F59-4380-B4F8-DD4ECE3EC37C}.AppStore|x86.Build.0 = Release|Any CPU
		{E7D51C50-9F59-4380-B4F8-DD4ECE3EC37C}.Debug|Any CPU.ActiveCfg = Debug|Any CPU
		{E7D51C50-9F59-4380-B4F8-DD4ECE3EC37C}.Debug|Any CPU.Build.0 = Debug|Any CPU
		{E7D51C50-9F59-4380-B4F8-DD4ECE3EC37C}.Debug|ARM.ActiveCfg = Debug|Any CPU
		{E7D51C50-9F59-4380-B4F8-DD4ECE3EC37C}.Debug|ARM.Build.0 = Debug|Any CPU
		{E7D51C50-9F59-4380-B4F8-DD4ECE3EC37C}.Debug|iPhone.ActiveCfg = Debug|Any CPU
		{E7D51C50-9F59-4380-B4F8-DD4ECE3EC37C}.Debug|iPhone.Build.0 = Debug|Any CPU
		{E7D51C50-9F59-4380-B4F8-DD4ECE3EC37C}.Debug|iPhoneSimulator.ActiveCfg = Debug|Any CPU
		{E7D51C50-9F59-4380-B4F8-DD4ECE3EC37C}.Debug|iPhoneSimulator.Build.0 = Debug|Any CPU
		{E7D51C50-9F59-4380-B4F8-DD4ECE3EC37C}.Debug|x64.ActiveCfg = Debug|Any CPU
		{E7D51C50-9F59-4380-B4F8-DD4ECE3EC37C}.Debug|x64.Build.0 = Debug|Any CPU
		{E7D51C50-9F59-4380-B4F8-DD4ECE3EC37C}.Debug|x86.ActiveCfg = Debug|Any CPU
		{E7D51C50-9F59-4380-B4F8-DD4ECE3EC37C}.Debug|x86.Build.0 = Debug|Any CPU
		{E7D51C50-9F59-4380-B4F8-DD4ECE3EC37C}.Release|Any CPU.ActiveCfg = Release|Any CPU
		{E7D51C50-9F59-4380-B4F8-DD4ECE3EC37C}.Release|Any CPU.Build.0 = Release|Any CPU
		{E7D51C50-9F59-4380-B4F8-DD4ECE3EC37C}.Release|ARM.ActiveCfg = Release|Any CPU
		{E7D51C50-9F59-4380-B4F8-DD4ECE3EC37C}.Release|ARM.Build.0 = Release|Any CPU
		{E7D51C50-9F59-4380-B4F8-DD4ECE3EC37C}.Release|iPhone.ActiveCfg = Release|Any CPU
		{E7D51C50-9F59-4380-B4F8-DD4ECE3EC37C}.Release|iPhone.Build.0 = Release|Any CPU
		{E7D51C50-9F59-4380-B4F8-DD4ECE3EC37C}.Release|iPhoneSimulator.ActiveCfg = Release|Any CPU
		{E7D51C50-9F59-4380-B4F8-DD4ECE3EC37C}.Release|iPhoneSimulator.Build.0 = Release|Any CPU
		{E7D51C50-9F59-4380-B4F8-DD4ECE3EC37C}.Release|x64.ActiveCfg = Release|Any CPU
		{E7D51C50-9F59-4380-B4F8-DD4ECE3EC37C}.Release|x64.Build.0 = Release|Any CPU
		{E7D51C50-9F59-4380-B4F8-DD4ECE3EC37C}.Release|x86.ActiveCfg = Release|Any CPU
		{E7D51C50-9F59-4380-B4F8-DD4ECE3EC37C}.Release|x86.Build.0 = Release|Any CPU
		{8AB96A86-C9A1-4CC0-B9BA-7AD0C1DAFCFA}.Ad-Hoc|Any CPU.ActiveCfg = Release|Any CPU
		{8AB96A86-C9A1-4CC0-B9BA-7AD0C1DAFCFA}.Ad-Hoc|Any CPU.Build.0 = Release|Any CPU
		{8AB96A86-C9A1-4CC0-B9BA-7AD0C1DAFCFA}.Ad-Hoc|ARM.ActiveCfg = Release|Any CPU
		{8AB96A86-C9A1-4CC0-B9BA-7AD0C1DAFCFA}.Ad-Hoc|ARM.Build.0 = Release|Any CPU
		{8AB96A86-C9A1-4CC0-B9BA-7AD0C1DAFCFA}.Ad-Hoc|iPhone.ActiveCfg = Release|Any CPU
		{8AB96A86-C9A1-4CC0-B9BA-7AD0C1DAFCFA}.Ad-Hoc|iPhone.Build.0 = Release|Any CPU
		{8AB96A86-C9A1-4CC0-B9BA-7AD0C1DAFCFA}.Ad-Hoc|iPhoneSimulator.ActiveCfg = Release|Any CPU
		{8AB96A86-C9A1-4CC0-B9BA-7AD0C1DAFCFA}.Ad-Hoc|iPhoneSimulator.Build.0 = Release|Any CPU
		{8AB96A86-C9A1-4CC0-B9BA-7AD0C1DAFCFA}.Ad-Hoc|x64.ActiveCfg = Release|Any CPU
		{8AB96A86-C9A1-4CC0-B9BA-7AD0C1DAFCFA}.Ad-Hoc|x64.Build.0 = Release|Any CPU
		{8AB96A86-C9A1-4CC0-B9BA-7AD0C1DAFCFA}.Ad-Hoc|x86.ActiveCfg = Release|Any CPU
		{8AB96A86-C9A1-4CC0-B9BA-7AD0C1DAFCFA}.Ad-Hoc|x86.Build.0 = Release|Any CPU
		{8AB96A86-C9A1-4CC0-B9BA-7AD0C1DAFCFA}.AppStore|Any CPU.ActiveCfg = Release|Any CPU
		{8AB96A86-C9A1-4CC0-B9BA-7AD0C1DAFCFA}.AppStore|Any CPU.Build.0 = Release|Any CPU
		{8AB96A86-C9A1-4CC0-B9BA-7AD0C1DAFCFA}.AppStore|ARM.ActiveCfg = Release|Any CPU
		{8AB96A86-C9A1-4CC0-B9BA-7AD0C1DAFCFA}.AppStore|ARM.Build.0 = Release|Any CPU
		{8AB96A86-C9A1-4CC0-B9BA-7AD0C1DAFCFA}.AppStore|iPhone.ActiveCfg = Release|Any CPU
		{8AB96A86-C9A1-4CC0-B9BA-7AD0C1DAFCFA}.AppStore|iPhone.Build.0 = Release|Any CPU
		{8AB96A86-C9A1-4CC0-B9BA-7AD0C1DAFCFA}.AppStore|iPhoneSimulator.ActiveCfg = Release|Any CPU
		{8AB96A86-C9A1-4CC0-B9BA-7AD0C1DAFCFA}.AppStore|iPhoneSimulator.Build.0 = Release|Any CPU
		{8AB96A86-C9A1-4CC0-B9BA-7AD0C1DAFCFA}.AppStore|x64.ActiveCfg = Release|Any CPU
		{8AB96A86-C9A1-4CC0-B9BA-7AD0C1DAFCFA}.AppStore|x64.Build.0 = Release|Any CPU
		{8AB96A86-C9A1-4CC0-B9BA-7AD0C1DAFCFA}.AppStore|x86.ActiveCfg = Release|Any CPU
		{8AB96A86-C9A1-4CC0-B9BA-7AD0C1DAFCFA}.AppStore|x86.Build.0 = Release|Any CPU
		{8AB96A86-C9A1-4CC0-B9BA-7AD0C1DAFCFA}.Debug|Any CPU.ActiveCfg = Debug|Any CPU
		{8AB96A86-C9A1-4CC0-B9BA-7AD0C1DAFCFA}.Debug|Any CPU.Build.0 = Debug|Any CPU
		{8AB96A86-C9A1-4CC0-B9BA-7AD0C1DAFCFA}.Debug|ARM.ActiveCfg = Debug|Any CPU
		{8AB96A86-C9A1-4CC0-B9BA-7AD0C1DAFCFA}.Debug|ARM.Build.0 = Debug|Any CPU
		{8AB96A86-C9A1-4CC0-B9BA-7AD0C1DAFCFA}.Debug|iPhone.ActiveCfg = Debug|Any CPU
		{8AB96A86-C9A1-4CC0-B9BA-7AD0C1DAFCFA}.Debug|iPhone.Build.0 = Debug|Any CPU
		{8AB96A86-C9A1-4CC0-B9BA-7AD0C1DAFCFA}.Debug|iPhoneSimulator.ActiveCfg = Debug|Any CPU
		{8AB96A86-C9A1-4CC0-B9BA-7AD0C1DAFCFA}.Debug|iPhoneSimulator.Build.0 = Debug|Any CPU
		{8AB96A86-C9A1-4CC0-B9BA-7AD0C1DAFCFA}.Debug|x64.ActiveCfg = Debug|Any CPU
		{8AB96A86-C9A1-4CC0-B9BA-7AD0C1DAFCFA}.Debug|x64.Build.0 = Debug|Any CPU
		{8AB96A86-C9A1-4CC0-B9BA-7AD0C1DAFCFA}.Debug|x86.ActiveCfg = Debug|Any CPU
		{8AB96A86-C9A1-4CC0-B9BA-7AD0C1DAFCFA}.Debug|x86.Build.0 = Debug|Any CPU
		{8AB96A86-C9A1-4CC0-B9BA-7AD0C1DAFCFA}.Release|Any CPU.ActiveCfg = Release|Any CPU
		{8AB96A86-C9A1-4CC0-B9BA-7AD0C1DAFCFA}.Release|Any CPU.Build.0 = Release|Any CPU
		{8AB96A86-C9A1-4CC0-B9BA-7AD0C1DAFCFA}.Release|ARM.ActiveCfg = Release|Any CPU
		{8AB96A86-C9A1-4CC0-B9BA-7AD0C1DAFCFA}.Release|ARM.Build.0 = Release|Any CPU
		{8AB96A86-C9A1-4CC0-B9BA-7AD0C1DAFCFA}.Release|iPhone.ActiveCfg = Release|Any CPU
		{8AB96A86-C9A1-4CC0-B9BA-7AD0C1DAFCFA}.Release|iPhone.Build.0 = Release|Any CPU
		{8AB96A86-C9A1-4CC0-B9BA-7AD0C1DAFCFA}.Release|iPhoneSimulator.ActiveCfg = Release|Any CPU
		{8AB96A86-C9A1-4CC0-B9BA-7AD0C1DAFCFA}.Release|iPhoneSimulator.Build.0 = Release|Any CPU
		{8AB96A86-C9A1-4CC0-B9BA-7AD0C1DAFCFA}.Release|x64.ActiveCfg = Release|Any CPU
		{8AB96A86-C9A1-4CC0-B9BA-7AD0C1DAFCFA}.Release|x64.Build.0 = Release|Any CPU
		{8AB96A86-C9A1-4CC0-B9BA-7AD0C1DAFCFA}.Release|x86.ActiveCfg = Release|Any CPU
		{8AB96A86-C9A1-4CC0-B9BA-7AD0C1DAFCFA}.Release|x86.Build.0 = Release|Any CPU
		{B34D43EC-B104-411E-915A-FF366F13801F}.Ad-Hoc|Any CPU.ActiveCfg = Release|Any CPU
		{B34D43EC-B104-411E-915A-FF366F13801F}.Ad-Hoc|Any CPU.Build.0 = Release|Any CPU
		{B34D43EC-B104-411E-915A-FF366F13801F}.Ad-Hoc|ARM.ActiveCfg = Release|Any CPU
		{B34D43EC-B104-411E-915A-FF366F13801F}.Ad-Hoc|ARM.Build.0 = Release|Any CPU
		{B34D43EC-B104-411E-915A-FF366F13801F}.Ad-Hoc|iPhone.ActiveCfg = Release|Any CPU
		{B34D43EC-B104-411E-915A-FF366F13801F}.Ad-Hoc|iPhone.Build.0 = Release|Any CPU
		{B34D43EC-B104-411E-915A-FF366F13801F}.Ad-Hoc|iPhoneSimulator.ActiveCfg = Release|Any CPU
		{B34D43EC-B104-411E-915A-FF366F13801F}.Ad-Hoc|iPhoneSimulator.Build.0 = Release|Any CPU
		{B34D43EC-B104-411E-915A-FF366F13801F}.Ad-Hoc|x64.ActiveCfg = Release|Any CPU
		{B34D43EC-B104-411E-915A-FF366F13801F}.Ad-Hoc|x64.Build.0 = Release|Any CPU
		{B34D43EC-B104-411E-915A-FF366F13801F}.Ad-Hoc|x86.ActiveCfg = Release|Any CPU
		{B34D43EC-B104-411E-915A-FF366F13801F}.Ad-Hoc|x86.Build.0 = Release|Any CPU
		{B34D43EC-B104-411E-915A-FF366F13801F}.AppStore|Any CPU.ActiveCfg = Release|Any CPU
		{B34D43EC-B104-411E-915A-FF366F13801F}.AppStore|Any CPU.Build.0 = Release|Any CPU
		{B34D43EC-B104-411E-915A-FF366F13801F}.AppStore|ARM.ActiveCfg = Release|Any CPU
		{B34D43EC-B104-411E-915A-FF366F13801F}.AppStore|ARM.Build.0 = Release|Any CPU
		{B34D43EC-B104-411E-915A-FF366F13801F}.AppStore|iPhone.ActiveCfg = Release|Any CPU
		{B34D43EC-B104-411E-915A-FF366F13801F}.AppStore|iPhone.Build.0 = Release|Any CPU
		{B34D43EC-B104-411E-915A-FF366F13801F}.AppStore|iPhoneSimulator.ActiveCfg = Release|Any CPU
		{B34D43EC-B104-411E-915A-FF366F13801F}.AppStore|iPhoneSimulator.Build.0 = Release|Any CPU
		{B34D43EC-B104-411E-915A-FF366F13801F}.AppStore|x64.ActiveCfg = Release|Any CPU
		{B34D43EC-B104-411E-915A-FF366F13801F}.AppStore|x64.Build.0 = Release|Any CPU
		{B34D43EC-B104-411E-915A-FF366F13801F}.AppStore|x86.ActiveCfg = Release|Any CPU
		{B34D43EC-B104-411E-915A-FF366F13801F}.AppStore|x86.Build.0 = Release|Any CPU
		{B34D43EC-B104-411E-915A-FF366F13801F}.Debug|Any CPU.ActiveCfg = Debug|Any CPU
		{B34D43EC-B104-411E-915A-FF366F13801F}.Debug|Any CPU.Build.0 = Debug|Any CPU
		{B34D43EC-B104-411E-915A-FF366F13801F}.Debug|ARM.ActiveCfg = Debug|Any CPU
		{B34D43EC-B104-411E-915A-FF366F13801F}.Debug|ARM.Build.0 = Debug|Any CPU
		{B34D43EC-B104-411E-915A-FF366F13801F}.Debug|iPhone.ActiveCfg = Debug|Any CPU
		{B34D43EC-B104-411E-915A-FF366F13801F}.Debug|iPhone.Build.0 = Debug|Any CPU
		{B34D43EC-B104-411E-915A-FF366F13801F}.Debug|iPhoneSimulator.ActiveCfg = Debug|Any CPU
		{B34D43EC-B104-411E-915A-FF366F13801F}.Debug|iPhoneSimulator.Build.0 = Debug|Any CPU
		{B34D43EC-B104-411E-915A-FF366F13801F}.Debug|x64.ActiveCfg = Debug|Any CPU
		{B34D43EC-B104-411E-915A-FF366F13801F}.Debug|x64.Build.0 = Debug|Any CPU
		{B34D43EC-B104-411E-915A-FF366F13801F}.Debug|x86.ActiveCfg = Debug|Any CPU
		{B34D43EC-B104-411E-915A-FF366F13801F}.Debug|x86.Build.0 = Debug|Any CPU
		{B34D43EC-B104-411E-915A-FF366F13801F}.Release|Any CPU.ActiveCfg = Release|Any CPU
		{B34D43EC-B104-411E-915A-FF366F13801F}.Release|Any CPU.Build.0 = Release|Any CPU
		{B34D43EC-B104-411E-915A-FF366F13801F}.Release|ARM.ActiveCfg = Release|Any CPU
		{B34D43EC-B104-411E-915A-FF366F13801F}.Release|ARM.Build.0 = Release|Any CPU
		{B34D43EC-B104-411E-915A-FF366F13801F}.Release|iPhone.ActiveCfg = Release|Any CPU
		{B34D43EC-B104-411E-915A-FF366F13801F}.Release|iPhone.Build.0 = Release|Any CPU
		{B34D43EC-B104-411E-915A-FF366F13801F}.Release|iPhoneSimulator.ActiveCfg = Release|Any CPU
		{B34D43EC-B104-411E-915A-FF366F13801F}.Release|iPhoneSimulator.Build.0 = Release|Any CPU
		{B34D43EC-B104-411E-915A-FF366F13801F}.Release|x64.ActiveCfg = Release|Any CPU
		{B34D43EC-B104-411E-915A-FF366F13801F}.Release|x64.Build.0 = Release|Any CPU
		{B34D43EC-B104-411E-915A-FF366F13801F}.Release|x86.ActiveCfg = Release|Any CPU
		{B34D43EC-B104-411E-915A-FF366F13801F}.Release|x86.Build.0 = Release|Any CPU
		{47E47BF7-89A8-400D-8A98-41D21C3BB8AA}.Ad-Hoc|Any CPU.ActiveCfg = Release|Any CPU
		{47E47BF7-89A8-400D-8A98-41D21C3BB8AA}.Ad-Hoc|Any CPU.Build.0 = Release|Any CPU
		{47E47BF7-89A8-400D-8A98-41D21C3BB8AA}.Ad-Hoc|Any CPU.Deploy.0 = Release|Any CPU
		{47E47BF7-89A8-400D-8A98-41D21C3BB8AA}.Ad-Hoc|ARM.ActiveCfg = Release|Any CPU
		{47E47BF7-89A8-400D-8A98-41D21C3BB8AA}.Ad-Hoc|ARM.Build.0 = Release|Any CPU
		{47E47BF7-89A8-400D-8A98-41D21C3BB8AA}.Ad-Hoc|ARM.Deploy.0 = Release|Any CPU
		{47E47BF7-89A8-400D-8A98-41D21C3BB8AA}.Ad-Hoc|iPhone.ActiveCfg = Release|Any CPU
		{47E47BF7-89A8-400D-8A98-41D21C3BB8AA}.Ad-Hoc|iPhone.Build.0 = Release|Any CPU
		{47E47BF7-89A8-400D-8A98-41D21C3BB8AA}.Ad-Hoc|iPhone.Deploy.0 = Release|Any CPU
		{47E47BF7-89A8-400D-8A98-41D21C3BB8AA}.Ad-Hoc|iPhoneSimulator.ActiveCfg = Release|Any CPU
		{47E47BF7-89A8-400D-8A98-41D21C3BB8AA}.Ad-Hoc|iPhoneSimulator.Build.0 = Release|Any CPU
		{47E47BF7-89A8-400D-8A98-41D21C3BB8AA}.Ad-Hoc|iPhoneSimulator.Deploy.0 = Release|Any CPU
		{47E47BF7-89A8-400D-8A98-41D21C3BB8AA}.Ad-Hoc|x64.ActiveCfg = Release|Any CPU
		{47E47BF7-89A8-400D-8A98-41D21C3BB8AA}.Ad-Hoc|x64.Build.0 = Release|Any CPU
		{47E47BF7-89A8-400D-8A98-41D21C3BB8AA}.Ad-Hoc|x64.Deploy.0 = Release|Any CPU
		{47E47BF7-89A8-400D-8A98-41D21C3BB8AA}.Ad-Hoc|x86.ActiveCfg = Release|Any CPU
		{47E47BF7-89A8-400D-8A98-41D21C3BB8AA}.Ad-Hoc|x86.Build.0 = Release|Any CPU
		{47E47BF7-89A8-400D-8A98-41D21C3BB8AA}.Ad-Hoc|x86.Deploy.0 = Release|Any CPU
		{47E47BF7-89A8-400D-8A98-41D21C3BB8AA}.AppStore|Any CPU.ActiveCfg = Release|Any CPU
		{47E47BF7-89A8-400D-8A98-41D21C3BB8AA}.AppStore|Any CPU.Build.0 = Release|Any CPU
		{47E47BF7-89A8-400D-8A98-41D21C3BB8AA}.AppStore|Any CPU.Deploy.0 = Release|Any CPU
		{47E47BF7-89A8-400D-8A98-41D21C3BB8AA}.AppStore|ARM.ActiveCfg = Release|Any CPU
		{47E47BF7-89A8-400D-8A98-41D21C3BB8AA}.AppStore|ARM.Build.0 = Release|Any CPU
		{47E47BF7-89A8-400D-8A98-41D21C3BB8AA}.AppStore|ARM.Deploy.0 = Release|Any CPU
		{47E47BF7-89A8-400D-8A98-41D21C3BB8AA}.AppStore|iPhone.ActiveCfg = Release|Any CPU
		{47E47BF7-89A8-400D-8A98-41D21C3BB8AA}.AppStore|iPhone.Build.0 = Release|Any CPU
		{47E47BF7-89A8-400D-8A98-41D21C3BB8AA}.AppStore|iPhone.Deploy.0 = Release|Any CPU
		{47E47BF7-89A8-400D-8A98-41D21C3BB8AA}.AppStore|iPhoneSimulator.ActiveCfg = Release|Any CPU
		{47E47BF7-89A8-400D-8A98-41D21C3BB8AA}.AppStore|iPhoneSimulator.Build.0 = Release|Any CPU
		{47E47BF7-89A8-400D-8A98-41D21C3BB8AA}.AppStore|iPhoneSimulator.Deploy.0 = Release|Any CPU
		{47E47BF7-89A8-400D-8A98-41D21C3BB8AA}.AppStore|x64.ActiveCfg = Release|Any CPU
		{47E47BF7-89A8-400D-8A98-41D21C3BB8AA}.AppStore|x64.Build.0 = Release|Any CPU
		{47E47BF7-89A8-400D-8A98-41D21C3BB8AA}.AppStore|x64.Deploy.0 = Release|Any CPU
		{47E47BF7-89A8-400D-8A98-41D21C3BB8AA}.AppStore|x86.ActiveCfg = Release|Any CPU
		{47E47BF7-89A8-400D-8A98-41D21C3BB8AA}.AppStore|x86.Build.0 = Release|Any CPU
		{47E47BF7-89A8-400D-8A98-41D21C3BB8AA}.AppStore|x86.Deploy.0 = Release|Any CPU
		{47E47BF7-89A8-400D-8A98-41D21C3BB8AA}.Debug|Any CPU.ActiveCfg = Debug|Any CPU
		{47E47BF7-89A8-400D-8A98-41D21C3BB8AA}.Debug|Any CPU.Build.0 = Debug|Any CPU
		{47E47BF7-89A8-400D-8A98-41D21C3BB8AA}.Debug|Any CPU.Deploy.0 = Debug|Any CPU
		{47E47BF7-89A8-400D-8A98-41D21C3BB8AA}.Debug|ARM.ActiveCfg = Debug|Any CPU
		{47E47BF7-89A8-400D-8A98-41D21C3BB8AA}.Debug|ARM.Build.0 = Debug|Any CPU
		{47E47BF7-89A8-400D-8A98-41D21C3BB8AA}.Debug|ARM.Deploy.0 = Debug|Any CPU
		{47E47BF7-89A8-400D-8A98-41D21C3BB8AA}.Debug|iPhone.ActiveCfg = Debug|Any CPU
		{47E47BF7-89A8-400D-8A98-41D21C3BB8AA}.Debug|iPhone.Build.0 = Debug|Any CPU
		{47E47BF7-89A8-400D-8A98-41D21C3BB8AA}.Debug|iPhone.Deploy.0 = Debug|Any CPU
		{47E47BF7-89A8-400D-8A98-41D21C3BB8AA}.Debug|iPhoneSimulator.ActiveCfg = Debug|Any CPU
		{47E47BF7-89A8-400D-8A98-41D21C3BB8AA}.Debug|iPhoneSimulator.Build.0 = Debug|Any CPU
		{47E47BF7-89A8-400D-8A98-41D21C3BB8AA}.Debug|iPhoneSimulator.Deploy.0 = Debug|Any CPU
		{47E47BF7-89A8-400D-8A98-41D21C3BB8AA}.Debug|x64.ActiveCfg = Debug|Any CPU
		{47E47BF7-89A8-400D-8A98-41D21C3BB8AA}.Debug|x64.Build.0 = Debug|Any CPU
		{47E47BF7-89A8-400D-8A98-41D21C3BB8AA}.Debug|x64.Deploy.0 = Debug|Any CPU
		{47E47BF7-89A8-400D-8A98-41D21C3BB8AA}.Debug|x86.ActiveCfg = Debug|Any CPU
		{47E47BF7-89A8-400D-8A98-41D21C3BB8AA}.Debug|x86.Build.0 = Debug|Any CPU
		{47E47BF7-89A8-400D-8A98-41D21C3BB8AA}.Debug|x86.Deploy.0 = Debug|Any CPU
		{47E47BF7-89A8-400D-8A98-41D21C3BB8AA}.Release|Any CPU.ActiveCfg = Release|Any CPU
		{47E47BF7-89A8-400D-8A98-41D21C3BB8AA}.Release|Any CPU.Build.0 = Release|Any CPU
		{47E47BF7-89A8-400D-8A98-41D21C3BB8AA}.Release|Any CPU.Deploy.0 = Release|Any CPU
		{47E47BF7-89A8-400D-8A98-41D21C3BB8AA}.Release|ARM.ActiveCfg = Release|Any CPU
		{47E47BF7-89A8-400D-8A98-41D21C3BB8AA}.Release|ARM.Build.0 = Release|Any CPU
		{47E47BF7-89A8-400D-8A98-41D21C3BB8AA}.Release|ARM.Deploy.0 = Release|Any CPU
		{47E47BF7-89A8-400D-8A98-41D21C3BB8AA}.Release|iPhone.ActiveCfg = Release|Any CPU
		{47E47BF7-89A8-400D-8A98-41D21C3BB8AA}.Release|iPhone.Build.0 = Release|Any CPU
		{47E47BF7-89A8-400D-8A98-41D21C3BB8AA}.Release|iPhone.Deploy.0 = Release|Any CPU
		{47E47BF7-89A8-400D-8A98-41D21C3BB8AA}.Release|iPhoneSimulator.ActiveCfg = Release|Any CPU
		{47E47BF7-89A8-400D-8A98-41D21C3BB8AA}.Release|iPhoneSimulator.Build.0 = Release|Any CPU
		{47E47BF7-89A8-400D-8A98-41D21C3BB8AA}.Release|iPhoneSimulator.Deploy.0 = Release|Any CPU
		{47E47BF7-89A8-400D-8A98-41D21C3BB8AA}.Release|x64.ActiveCfg = Release|Any CPU
		{47E47BF7-89A8-400D-8A98-41D21C3BB8AA}.Release|x64.Build.0 = Release|Any CPU
		{47E47BF7-89A8-400D-8A98-41D21C3BB8AA}.Release|x64.Deploy.0 = Release|Any CPU
		{47E47BF7-89A8-400D-8A98-41D21C3BB8AA}.Release|x86.ActiveCfg = Release|Any CPU
		{47E47BF7-89A8-400D-8A98-41D21C3BB8AA}.Release|x86.Build.0 = Release|Any CPU
		{47E47BF7-89A8-400D-8A98-41D21C3BB8AA}.Release|x86.Deploy.0 = Release|Any CPU
		{BB0F4B43-764F-4F1E-A056-490D23275601}.Ad-Hoc|Any CPU.ActiveCfg = Ad-Hoc|iPhone
		{BB0F4B43-764F-4F1E-A056-490D23275601}.Ad-Hoc|ARM.ActiveCfg = Ad-Hoc|iPhone
		{BB0F4B43-764F-4F1E-A056-490D23275601}.Ad-Hoc|iPhone.ActiveCfg = Ad-Hoc|iPhone
		{BB0F4B43-764F-4F1E-A056-490D23275601}.Ad-Hoc|iPhone.Build.0 = Ad-Hoc|iPhone
		{BB0F4B43-764F-4F1E-A056-490D23275601}.Ad-Hoc|iPhoneSimulator.ActiveCfg = Ad-Hoc|iPhoneSimulator
		{BB0F4B43-764F-4F1E-A056-490D23275601}.Ad-Hoc|iPhoneSimulator.Build.0 = Ad-Hoc|iPhoneSimulator
		{BB0F4B43-764F-4F1E-A056-490D23275601}.Ad-Hoc|x64.ActiveCfg = Ad-Hoc|iPhone
		{BB0F4B43-764F-4F1E-A056-490D23275601}.Ad-Hoc|x86.ActiveCfg = Ad-Hoc|iPhone
		{BB0F4B43-764F-4F1E-A056-490D23275601}.AppStore|Any CPU.ActiveCfg = AppStore|iPhone
		{BB0F4B43-764F-4F1E-A056-490D23275601}.AppStore|ARM.ActiveCfg = AppStore|iPhone
		{BB0F4B43-764F-4F1E-A056-490D23275601}.AppStore|iPhone.ActiveCfg = AppStore|iPhone
		{BB0F4B43-764F-4F1E-A056-490D23275601}.AppStore|iPhone.Build.0 = AppStore|iPhone
		{BB0F4B43-764F-4F1E-A056-490D23275601}.AppStore|iPhoneSimulator.ActiveCfg = AppStore|iPhoneSimulator
		{BB0F4B43-764F-4F1E-A056-490D23275601}.AppStore|iPhoneSimulator.Build.0 = AppStore|iPhoneSimulator
		{BB0F4B43-764F-4F1E-A056-490D23275601}.AppStore|x64.ActiveCfg = AppStore|iPhone
		{BB0F4B43-764F-4F1E-A056-490D23275601}.AppStore|x86.ActiveCfg = AppStore|iPhone
		{BB0F4B43-764F-4F1E-A056-490D23275601}.Debug|Any CPU.ActiveCfg = Debug|iPhone
		{BB0F4B43-764F-4F1E-A056-490D23275601}.Debug|ARM.ActiveCfg = Debug|iPhone
		{BB0F4B43-764F-4F1E-A056-490D23275601}.Debug|iPhone.ActiveCfg = Debug|iPhone
		{BB0F4B43-764F-4F1E-A056-490D23275601}.Debug|iPhone.Build.0 = Debug|iPhone
		{BB0F4B43-764F-4F1E-A056-490D23275601}.Debug|iPhoneSimulator.ActiveCfg = Debug|iPhoneSimulator
		{BB0F4B43-764F-4F1E-A056-490D23275601}.Debug|iPhoneSimulator.Build.0 = Debug|iPhoneSimulator
		{BB0F4B43-764F-4F1E-A056-490D23275601}.Debug|x64.ActiveCfg = Debug|iPhone
		{BB0F4B43-764F-4F1E-A056-490D23275601}.Debug|x86.ActiveCfg = Debug|iPhone
		{BB0F4B43-764F-4F1E-A056-490D23275601}.Release|Any CPU.ActiveCfg = Release|iPhone
		{BB0F4B43-764F-4F1E-A056-490D23275601}.Release|ARM.ActiveCfg = Release|iPhone
		{BB0F4B43-764F-4F1E-A056-490D23275601}.Release|iPhone.ActiveCfg = Release|iPhone
		{BB0F4B43-764F-4F1E-A056-490D23275601}.Release|iPhone.Build.0 = Release|iPhone
		{BB0F4B43-764F-4F1E-A056-490D23275601}.Release|iPhoneSimulator.ActiveCfg = Release|iPhoneSimulator
		{BB0F4B43-764F-4F1E-A056-490D23275601}.Release|iPhoneSimulator.Build.0 = Release|iPhoneSimulator
		{BB0F4B43-764F-4F1E-A056-490D23275601}.Release|x64.ActiveCfg = Release|iPhone
		{BB0F4B43-764F-4F1E-A056-490D23275601}.Release|x86.ActiveCfg = Release|iPhone
		{4CD54B5E-31E7-45E4-959C-CAB3E982232E}.Ad-Hoc|Any CPU.ActiveCfg = Release|Any CPU
		{4CD54B5E-31E7-45E4-959C-CAB3E982232E}.Ad-Hoc|Any CPU.Build.0 = Release|Any CPU
		{4CD54B5E-31E7-45E4-959C-CAB3E982232E}.Ad-Hoc|Any CPU.Deploy.0 = Release|Any CPU
		{4CD54B5E-31E7-45E4-959C-CAB3E982232E}.Ad-Hoc|ARM.ActiveCfg = Release|ARM
		{4CD54B5E-31E7-45E4-959C-CAB3E982232E}.Ad-Hoc|ARM.Build.0 = Release|ARM
		{4CD54B5E-31E7-45E4-959C-CAB3E982232E}.Ad-Hoc|ARM.Deploy.0 = Release|ARM
		{4CD54B5E-31E7-45E4-959C-CAB3E982232E}.Ad-Hoc|iPhone.ActiveCfg = Release|Any CPU
		{4CD54B5E-31E7-45E4-959C-CAB3E982232E}.Ad-Hoc|iPhone.Build.0 = Release|Any CPU
		{4CD54B5E-31E7-45E4-959C-CAB3E982232E}.Ad-Hoc|iPhone.Deploy.0 = Release|Any CPU
		{4CD54B5E-31E7-45E4-959C-CAB3E982232E}.Ad-Hoc|iPhoneSimulator.ActiveCfg = Release|Any CPU
		{4CD54B5E-31E7-45E4-959C-CAB3E982232E}.Ad-Hoc|iPhoneSimulator.Build.0 = Release|Any CPU
		{4CD54B5E-31E7-45E4-959C-CAB3E982232E}.Ad-Hoc|iPhoneSimulator.Deploy.0 = Release|Any CPU
		{4CD54B5E-31E7-45E4-959C-CAB3E982232E}.Ad-Hoc|x64.ActiveCfg = Release|Any CPU
		{4CD54B5E-31E7-45E4-959C-CAB3E982232E}.Ad-Hoc|x64.Build.0 = Release|Any CPU
		{4CD54B5E-31E7-45E4-959C-CAB3E982232E}.Ad-Hoc|x64.Deploy.0 = Release|Any CPU
		{4CD54B5E-31E7-45E4-959C-CAB3E982232E}.Ad-Hoc|x86.ActiveCfg = Release|x86
		{4CD54B5E-31E7-45E4-959C-CAB3E982232E}.Ad-Hoc|x86.Build.0 = Release|x86
		{4CD54B5E-31E7-45E4-959C-CAB3E982232E}.Ad-Hoc|x86.Deploy.0 = Release|x86
		{4CD54B5E-31E7-45E4-959C-CAB3E982232E}.AppStore|Any CPU.ActiveCfg = Release|Any CPU
		{4CD54B5E-31E7-45E4-959C-CAB3E982232E}.AppStore|Any CPU.Build.0 = Release|Any CPU
		{4CD54B5E-31E7-45E4-959C-CAB3E982232E}.AppStore|Any CPU.Deploy.0 = Release|Any CPU
		{4CD54B5E-31E7-45E4-959C-CAB3E982232E}.AppStore|ARM.ActiveCfg = Release|ARM
		{4CD54B5E-31E7-45E4-959C-CAB3E982232E}.AppStore|ARM.Build.0 = Release|ARM
		{4CD54B5E-31E7-45E4-959C-CAB3E982232E}.AppStore|ARM.Deploy.0 = Release|ARM
		{4CD54B5E-31E7-45E4-959C-CAB3E982232E}.AppStore|iPhone.ActiveCfg = Release|Any CPU
		{4CD54B5E-31E7-45E4-959C-CAB3E982232E}.AppStore|iPhone.Build.0 = Release|Any CPU
		{4CD54B5E-31E7-45E4-959C-CAB3E982232E}.AppStore|iPhone.Deploy.0 = Release|Any CPU
		{4CD54B5E-31E7-45E4-959C-CAB3E982232E}.AppStore|iPhoneSimulator.ActiveCfg = Release|Any CPU
		{4CD54B5E-31E7-45E4-959C-CAB3E982232E}.AppStore|iPhoneSimulator.Build.0 = Release|Any CPU
		{4CD54B5E-31E7-45E4-959C-CAB3E982232E}.AppStore|iPhoneSimulator.Deploy.0 = Release|Any CPU
		{4CD54B5E-31E7-45E4-959C-CAB3E982232E}.AppStore|x64.ActiveCfg = Release|Any CPU
		{4CD54B5E-31E7-45E4-959C-CAB3E982232E}.AppStore|x64.Build.0 = Release|Any CPU
		{4CD54B5E-31E7-45E4-959C-CAB3E982232E}.AppStore|x64.Deploy.0 = Release|Any CPU
		{4CD54B5E-31E7-45E4-959C-CAB3E982232E}.AppStore|x86.ActiveCfg = Release|x86
		{4CD54B5E-31E7-45E4-959C-CAB3E982232E}.AppStore|x86.Build.0 = Release|x86
		{4CD54B5E-31E7-45E4-959C-CAB3E982232E}.AppStore|x86.Deploy.0 = Release|x86
		{4CD54B5E-31E7-45E4-959C-CAB3E982232E}.Debug|Any CPU.ActiveCfg = Debug|Any CPU
		{4CD54B5E-31E7-45E4-959C-CAB3E982232E}.Debug|Any CPU.Build.0 = Debug|Any CPU
		{4CD54B5E-31E7-45E4-959C-CAB3E982232E}.Debug|Any CPU.Deploy.0 = Debug|Any CPU
		{4CD54B5E-31E7-45E4-959C-CAB3E982232E}.Debug|ARM.ActiveCfg = Debug|ARM
		{4CD54B5E-31E7-45E4-959C-CAB3E982232E}.Debug|ARM.Build.0 = Debug|ARM
		{4CD54B5E-31E7-45E4-959C-CAB3E982232E}.Debug|ARM.Deploy.0 = Debug|ARM
		{4CD54B5E-31E7-45E4-959C-CAB3E982232E}.Debug|iPhone.ActiveCfg = Debug|Any CPU
		{4CD54B5E-31E7-45E4-959C-CAB3E982232E}.Debug|iPhone.Build.0 = Debug|Any CPU
		{4CD54B5E-31E7-45E4-959C-CAB3E982232E}.Debug|iPhone.Deploy.0 = Debug|Any CPU
		{4CD54B5E-31E7-45E4-959C-CAB3E982232E}.Debug|iPhoneSimulator.ActiveCfg = Debug|Any CPU
		{4CD54B5E-31E7-45E4-959C-CAB3E982232E}.Debug|iPhoneSimulator.Build.0 = Debug|Any CPU
		{4CD54B5E-31E7-45E4-959C-CAB3E982232E}.Debug|iPhoneSimulator.Deploy.0 = Debug|Any CPU
		{4CD54B5E-31E7-45E4-959C-CAB3E982232E}.Debug|x64.ActiveCfg = Debug|Any CPU
		{4CD54B5E-31E7-45E4-959C-CAB3E982232E}.Debug|x64.Build.0 = Debug|Any CPU
		{4CD54B5E-31E7-45E4-959C-CAB3E982232E}.Debug|x64.Deploy.0 = Debug|Any CPU
		{4CD54B5E-31E7-45E4-959C-CAB3E982232E}.Debug|x86.ActiveCfg = Debug|x86
		{4CD54B5E-31E7-45E4-959C-CAB3E982232E}.Debug|x86.Build.0 = Debug|x86
		{4CD54B5E-31E7-45E4-959C-CAB3E982232E}.Debug|x86.Deploy.0 = Debug|x86
		{4CD54B5E-31E7-45E4-959C-CAB3E982232E}.Release|Any CPU.ActiveCfg = Release|Any CPU
		{4CD54B5E-31E7-45E4-959C-CAB3E982232E}.Release|Any CPU.Build.0 = Release|Any CPU
		{4CD54B5E-31E7-45E4-959C-CAB3E982232E}.Release|Any CPU.Deploy.0 = Release|Any CPU
		{4CD54B5E-31E7-45E4-959C-CAB3E982232E}.Release|ARM.ActiveCfg = Release|ARM
		{4CD54B5E-31E7-45E4-959C-CAB3E982232E}.Release|ARM.Build.0 = Release|ARM
		{4CD54B5E-31E7-45E4-959C-CAB3E982232E}.Release|ARM.Deploy.0 = Release|ARM
		{4CD54B5E-31E7-45E4-959C-CAB3E982232E}.Release|iPhone.ActiveCfg = Release|Any CPU
		{4CD54B5E-31E7-45E4-959C-CAB3E982232E}.Release|iPhone.Build.0 = Release|Any CPU
		{4CD54B5E-31E7-45E4-959C-CAB3E982232E}.Release|iPhone.Deploy.0 = Release|Any CPU
		{4CD54B5E-31E7-45E4-959C-CAB3E982232E}.Release|iPhoneSimulator.ActiveCfg = Release|Any CPU
		{4CD54B5E-31E7-45E4-959C-CAB3E982232E}.Release|iPhoneSimulator.Build.0 = Release|Any CPU
		{4CD54B5E-31E7-45E4-959C-CAB3E982232E}.Release|iPhoneSimulator.Deploy.0 = Release|Any CPU
		{4CD54B5E-31E7-45E4-959C-CAB3E982232E}.Release|x64.ActiveCfg = Release|Any CPU
		{4CD54B5E-31E7-45E4-959C-CAB3E982232E}.Release|x64.Build.0 = Release|Any CPU
		{4CD54B5E-31E7-45E4-959C-CAB3E982232E}.Release|x64.Deploy.0 = Release|Any CPU
		{4CD54B5E-31E7-45E4-959C-CAB3E982232E}.Release|x86.ActiveCfg = Release|x86
		{4CD54B5E-31E7-45E4-959C-CAB3E982232E}.Release|x86.Build.0 = Release|x86
		{4CD54B5E-31E7-45E4-959C-CAB3E982232E}.Release|x86.Deploy.0 = Release|x86
		{83247A12-F730-460E-94FD-4F11E4FDFFAE}.Ad-Hoc|Any CPU.ActiveCfg = Release|x86
		{83247A12-F730-460E-94FD-4F11E4FDFFAE}.Ad-Hoc|Any CPU.Build.0 = Release|x86
		{83247A12-F730-460E-94FD-4F11E4FDFFAE}.Ad-Hoc|Any CPU.Deploy.0 = Release|x86
		{83247A12-F730-460E-94FD-4F11E4FDFFAE}.Ad-Hoc|ARM.ActiveCfg = Release|ARM
		{83247A12-F730-460E-94FD-4F11E4FDFFAE}.Ad-Hoc|ARM.Build.0 = Release|ARM
		{83247A12-F730-460E-94FD-4F11E4FDFFAE}.Ad-Hoc|ARM.Deploy.0 = Release|ARM
		{83247A12-F730-460E-94FD-4F11E4FDFFAE}.Ad-Hoc|iPhone.ActiveCfg = Release|x86
		{83247A12-F730-460E-94FD-4F11E4FDFFAE}.Ad-Hoc|iPhone.Build.0 = Release|x86
		{83247A12-F730-460E-94FD-4F11E4FDFFAE}.Ad-Hoc|iPhone.Deploy.0 = Release|x86
		{83247A12-F730-460E-94FD-4F11E4FDFFAE}.Ad-Hoc|iPhoneSimulator.ActiveCfg = Release|x86
		{83247A12-F730-460E-94FD-4F11E4FDFFAE}.Ad-Hoc|iPhoneSimulator.Build.0 = Release|x86
		{83247A12-F730-460E-94FD-4F11E4FDFFAE}.Ad-Hoc|iPhoneSimulator.Deploy.0 = Release|x86
		{83247A12-F730-460E-94FD-4F11E4FDFFAE}.Ad-Hoc|x64.ActiveCfg = Release|x64
		{83247A12-F730-460E-94FD-4F11E4FDFFAE}.Ad-Hoc|x64.Build.0 = Release|x64
		{83247A12-F730-460E-94FD-4F11E4FDFFAE}.Ad-Hoc|x64.Deploy.0 = Release|x64
		{83247A12-F730-460E-94FD-4F11E4FDFFAE}.Ad-Hoc|x86.ActiveCfg = Release|x86
		{83247A12-F730-460E-94FD-4F11E4FDFFAE}.Ad-Hoc|x86.Build.0 = Release|x86
		{83247A12-F730-460E-94FD-4F11E4FDFFAE}.Ad-Hoc|x86.Deploy.0 = Release|x86
		{83247A12-F730-460E-94FD-4F11E4FDFFAE}.AppStore|Any CPU.ActiveCfg = Release|x86
		{83247A12-F730-460E-94FD-4F11E4FDFFAE}.AppStore|Any CPU.Build.0 = Release|x86
		{83247A12-F730-460E-94FD-4F11E4FDFFAE}.AppStore|Any CPU.Deploy.0 = Release|x86
		{83247A12-F730-460E-94FD-4F11E4FDFFAE}.AppStore|ARM.ActiveCfg = Release|ARM
		{83247A12-F730-460E-94FD-4F11E4FDFFAE}.AppStore|ARM.Build.0 = Release|ARM
		{83247A12-F730-460E-94FD-4F11E4FDFFAE}.AppStore|ARM.Deploy.0 = Release|ARM
		{83247A12-F730-460E-94FD-4F11E4FDFFAE}.AppStore|iPhone.ActiveCfg = Release|x86
		{83247A12-F730-460E-94FD-4F11E4FDFFAE}.AppStore|iPhone.Build.0 = Release|x86
		{83247A12-F730-460E-94FD-4F11E4FDFFAE}.AppStore|iPhone.Deploy.0 = Release|x86
		{83247A12-F730-460E-94FD-4F11E4FDFFAE}.AppStore|iPhoneSimulator.ActiveCfg = Release|x86
		{83247A12-F730-460E-94FD-4F11E4FDFFAE}.AppStore|iPhoneSimulator.Build.0 = Release|x86
		{83247A12-F730-460E-94FD-4F11E4FDFFAE}.AppStore|iPhoneSimulator.Deploy.0 = Release|x86
		{83247A12-F730-460E-94FD-4F11E4FDFFAE}.AppStore|x64.ActiveCfg = Release|x64
		{83247A12-F730-460E-94FD-4F11E4FDFFAE}.AppStore|x64.Build.0 = Release|x64
		{83247A12-F730-460E-94FD-4F11E4FDFFAE}.AppStore|x64.Deploy.0 = Release|x64
		{83247A12-F730-460E-94FD-4F11E4FDFFAE}.AppStore|x86.ActiveCfg = Release|x86
		{83247A12-F730-460E-94FD-4F11E4FDFFAE}.AppStore|x86.Build.0 = Release|x86
		{83247A12-F730-460E-94FD-4F11E4FDFFAE}.AppStore|x86.Deploy.0 = Release|x86
		{83247A12-F730-460E-94FD-4F11E4FDFFAE}.Debug|Any CPU.ActiveCfg = Debug|x86
		{83247A12-F730-460E-94FD-4F11E4FDFFAE}.Debug|ARM.ActiveCfg = Debug|ARM
		{83247A12-F730-460E-94FD-4F11E4FDFFAE}.Debug|ARM.Build.0 = Debug|ARM
		{83247A12-F730-460E-94FD-4F11E4FDFFAE}.Debug|ARM.Deploy.0 = Debug|ARM
		{83247A12-F730-460E-94FD-4F11E4FDFFAE}.Debug|iPhone.ActiveCfg = Debug|x86
		{83247A12-F730-460E-94FD-4F11E4FDFFAE}.Debug|iPhoneSimulator.ActiveCfg = Debug|x86
		{83247A12-F730-460E-94FD-4F11E4FDFFAE}.Debug|x64.ActiveCfg = Debug|x64
		{83247A12-F730-460E-94FD-4F11E4FDFFAE}.Debug|x64.Build.0 = Debug|x64
		{83247A12-F730-460E-94FD-4F11E4FDFFAE}.Debug|x64.Deploy.0 = Debug|x64
		{83247A12-F730-460E-94FD-4F11E4FDFFAE}.Debug|x86.ActiveCfg = Debug|x86
		{83247A12-F730-460E-94FD-4F11E4FDFFAE}.Debug|x86.Build.0 = Debug|x86
		{83247A12-F730-460E-94FD-4F11E4FDFFAE}.Debug|x86.Deploy.0 = Debug|x86
		{83247A12-F730-460E-94FD-4F11E4FDFFAE}.Release|Any CPU.ActiveCfg = Release|x86
		{83247A12-F730-460E-94FD-4F11E4FDFFAE}.Release|ARM.ActiveCfg = Release|ARM
		{83247A12-F730-460E-94FD-4F11E4FDFFAE}.Release|ARM.Build.0 = Release|ARM
		{83247A12-F730-460E-94FD-4F11E4FDFFAE}.Release|ARM.Deploy.0 = Release|ARM
		{83247A12-F730-460E-94FD-4F11E4FDFFAE}.Release|iPhone.ActiveCfg = Release|x86
		{83247A12-F730-460E-94FD-4F11E4FDFFAE}.Release|iPhoneSimulator.ActiveCfg = Release|x86
		{83247A12-F730-460E-94FD-4F11E4FDFFAE}.Release|x64.ActiveCfg = Release|x64
		{83247A12-F730-460E-94FD-4F11E4FDFFAE}.Release|x64.Build.0 = Release|x64
		{83247A12-F730-460E-94FD-4F11E4FDFFAE}.Release|x64.Deploy.0 = Release|x64
		{83247A12-F730-460E-94FD-4F11E4FDFFAE}.Release|x86.ActiveCfg = Release|x86
		{83247A12-F730-460E-94FD-4F11E4FDFFAE}.Release|x86.Build.0 = Release|x86
		{83247A12-F730-460E-94FD-4F11E4FDFFAE}.Release|x86.Deploy.0 = Release|x86
		{39FB6FE5-3C4D-4298-A860-4F83CC206CEC}.Ad-Hoc|Any CPU.ActiveCfg = Release|Any CPU
		{39FB6FE5-3C4D-4298-A860-4F83CC206CEC}.Ad-Hoc|Any CPU.Build.0 = Release|Any CPU
		{39FB6FE5-3C4D-4298-A860-4F83CC206CEC}.Ad-Hoc|Any CPU.Deploy.0 = Release|Any CPU
		{39FB6FE5-3C4D-4298-A860-4F83CC206CEC}.Ad-Hoc|ARM.ActiveCfg = Release|ARM
		{39FB6FE5-3C4D-4298-A860-4F83CC206CEC}.Ad-Hoc|ARM.Build.0 = Release|ARM
		{39FB6FE5-3C4D-4298-A860-4F83CC206CEC}.Ad-Hoc|ARM.Deploy.0 = Release|ARM
		{39FB6FE5-3C4D-4298-A860-4F83CC206CEC}.Ad-Hoc|iPhone.ActiveCfg = Release|Any CPU
		{39FB6FE5-3C4D-4298-A860-4F83CC206CEC}.Ad-Hoc|iPhone.Build.0 = Release|Any CPU
		{39FB6FE5-3C4D-4298-A860-4F83CC206CEC}.Ad-Hoc|iPhone.Deploy.0 = Release|Any CPU
		{39FB6FE5-3C4D-4298-A860-4F83CC206CEC}.Ad-Hoc|iPhoneSimulator.ActiveCfg = Release|Any CPU
		{39FB6FE5-3C4D-4298-A860-4F83CC206CEC}.Ad-Hoc|iPhoneSimulator.Build.0 = Release|Any CPU
		{39FB6FE5-3C4D-4298-A860-4F83CC206CEC}.Ad-Hoc|iPhoneSimulator.Deploy.0 = Release|Any CPU
		{39FB6FE5-3C4D-4298-A860-4F83CC206CEC}.Ad-Hoc|x64.ActiveCfg = Release|x64
		{39FB6FE5-3C4D-4298-A860-4F83CC206CEC}.Ad-Hoc|x64.Build.0 = Release|x64
		{39FB6FE5-3C4D-4298-A860-4F83CC206CEC}.Ad-Hoc|x64.Deploy.0 = Release|x64
		{39FB6FE5-3C4D-4298-A860-4F83CC206CEC}.Ad-Hoc|x86.ActiveCfg = Release|x86
		{39FB6FE5-3C4D-4298-A860-4F83CC206CEC}.Ad-Hoc|x86.Build.0 = Release|x86
		{39FB6FE5-3C4D-4298-A860-4F83CC206CEC}.Ad-Hoc|x86.Deploy.0 = Release|x86
		{39FB6FE5-3C4D-4298-A860-4F83CC206CEC}.AppStore|Any CPU.ActiveCfg = Release|Any CPU
		{39FB6FE5-3C4D-4298-A860-4F83CC206CEC}.AppStore|Any CPU.Build.0 = Release|Any CPU
		{39FB6FE5-3C4D-4298-A860-4F83CC206CEC}.AppStore|Any CPU.Deploy.0 = Release|Any CPU
		{39FB6FE5-3C4D-4298-A860-4F83CC206CEC}.AppStore|ARM.ActiveCfg = Release|ARM
		{39FB6FE5-3C4D-4298-A860-4F83CC206CEC}.AppStore|ARM.Build.0 = Release|ARM
		{39FB6FE5-3C4D-4298-A860-4F83CC206CEC}.AppStore|ARM.Deploy.0 = Release|ARM
		{39FB6FE5-3C4D-4298-A860-4F83CC206CEC}.AppStore|iPhone.ActiveCfg = Release|Any CPU
		{39FB6FE5-3C4D-4298-A860-4F83CC206CEC}.AppStore|iPhone.Build.0 = Release|Any CPU
		{39FB6FE5-3C4D-4298-A860-4F83CC206CEC}.AppStore|iPhone.Deploy.0 = Release|Any CPU
		{39FB6FE5-3C4D-4298-A860-4F83CC206CEC}.AppStore|iPhoneSimulator.ActiveCfg = Release|Any CPU
		{39FB6FE5-3C4D-4298-A860-4F83CC206CEC}.AppStore|iPhoneSimulator.Build.0 = Release|Any CPU
		{39FB6FE5-3C4D-4298-A860-4F83CC206CEC}.AppStore|iPhoneSimulator.Deploy.0 = Release|Any CPU
		{39FB6FE5-3C4D-4298-A860-4F83CC206CEC}.AppStore|x64.ActiveCfg = Release|x64
		{39FB6FE5-3C4D-4298-A860-4F83CC206CEC}.AppStore|x64.Build.0 = Release|x64
		{39FB6FE5-3C4D-4298-A860-4F83CC206CEC}.AppStore|x64.Deploy.0 = Release|x64
		{39FB6FE5-3C4D-4298-A860-4F83CC206CEC}.AppStore|x86.ActiveCfg = Release|x86
		{39FB6FE5-3C4D-4298-A860-4F83CC206CEC}.AppStore|x86.Build.0 = Release|x86
		{39FB6FE5-3C4D-4298-A860-4F83CC206CEC}.AppStore|x86.Deploy.0 = Release|x86
		{39FB6FE5-3C4D-4298-A860-4F83CC206CEC}.Debug|Any CPU.ActiveCfg = Debug|Any CPU
		{39FB6FE5-3C4D-4298-A860-4F83CC206CEC}.Debug|Any CPU.Build.0 = Debug|Any CPU
		{39FB6FE5-3C4D-4298-A860-4F83CC206CEC}.Debug|Any CPU.Deploy.0 = Debug|Any CPU
		{39FB6FE5-3C4D-4298-A860-4F83CC206CEC}.Debug|ARM.ActiveCfg = Debug|ARM
		{39FB6FE5-3C4D-4298-A860-4F83CC206CEC}.Debug|ARM.Build.0 = Debug|ARM
		{39FB6FE5-3C4D-4298-A860-4F83CC206CEC}.Debug|ARM.Deploy.0 = Debug|ARM
		{39FB6FE5-3C4D-4298-A860-4F83CC206CEC}.Debug|iPhone.ActiveCfg = Debug|Any CPU
		{39FB6FE5-3C4D-4298-A860-4F83CC206CEC}.Debug|iPhone.Build.0 = Debug|Any CPU
		{39FB6FE5-3C4D-4298-A860-4F83CC206CEC}.Debug|iPhone.Deploy.0 = Debug|Any CPU
		{39FB6FE5-3C4D-4298-A860-4F83CC206CEC}.Debug|iPhoneSimulator.ActiveCfg = Debug|Any CPU
		{39FB6FE5-3C4D-4298-A860-4F83CC206CEC}.Debug|iPhoneSimulator.Build.0 = Debug|Any CPU
		{39FB6FE5-3C4D-4298-A860-4F83CC206CEC}.Debug|iPhoneSimulator.Deploy.0 = Debug|Any CPU
		{39FB6FE5-3C4D-4298-A860-4F83CC206CEC}.Debug|x64.ActiveCfg = Debug|x64
		{39FB6FE5-3C4D-4298-A860-4F83CC206CEC}.Debug|x64.Build.0 = Debug|x64
		{39FB6FE5-3C4D-4298-A860-4F83CC206CEC}.Debug|x64.Deploy.0 = Debug|x64
		{39FB6FE5-3C4D-4298-A860-4F83CC206CEC}.Debug|x86.ActiveCfg = Debug|x86
		{39FB6FE5-3C4D-4298-A860-4F83CC206CEC}.Debug|x86.Build.0 = Debug|x86
		{39FB6FE5-3C4D-4298-A860-4F83CC206CEC}.Debug|x86.Deploy.0 = Debug|x86
		{39FB6FE5-3C4D-4298-A860-4F83CC206CEC}.Release|Any CPU.ActiveCfg = Release|Any CPU
		{39FB6FE5-3C4D-4298-A860-4F83CC206CEC}.Release|Any CPU.Build.0 = Release|Any CPU
		{39FB6FE5-3C4D-4298-A860-4F83CC206CEC}.Release|Any CPU.Deploy.0 = Release|Any CPU
		{39FB6FE5-3C4D-4298-A860-4F83CC206CEC}.Release|ARM.ActiveCfg = Release|ARM
		{39FB6FE5-3C4D-4298-A860-4F83CC206CEC}.Release|ARM.Build.0 = Release|ARM
		{39FB6FE5-3C4D-4298-A860-4F83CC206CEC}.Release|ARM.Deploy.0 = Release|ARM
		{39FB6FE5-3C4D-4298-A860-4F83CC206CEC}.Release|iPhone.ActiveCfg = Release|Any CPU
		{39FB6FE5-3C4D-4298-A860-4F83CC206CEC}.Release|iPhone.Build.0 = Release|Any CPU
		{39FB6FE5-3C4D-4298-A860-4F83CC206CEC}.Release|iPhone.Deploy.0 = Release|Any CPU
		{39FB6FE5-3C4D-4298-A860-4F83CC206CEC}.Release|iPhoneSimulator.ActiveCfg = Release|Any CPU
		{39FB6FE5-3C4D-4298-A860-4F83CC206CEC}.Release|iPhoneSimulator.Build.0 = Release|Any CPU
		{39FB6FE5-3C4D-4298-A860-4F83CC206CEC}.Release|iPhoneSimulator.Deploy.0 = Release|Any CPU
		{39FB6FE5-3C4D-4298-A860-4F83CC206CEC}.Release|x64.ActiveCfg = Release|x64
		{39FB6FE5-3C4D-4298-A860-4F83CC206CEC}.Release|x64.Build.0 = Release|x64
		{39FB6FE5-3C4D-4298-A860-4F83CC206CEC}.Release|x64.Deploy.0 = Release|x64
		{39FB6FE5-3C4D-4298-A860-4F83CC206CEC}.Release|x86.ActiveCfg = Release|x86
		{39FB6FE5-3C4D-4298-A860-4F83CC206CEC}.Release|x86.Build.0 = Release|x86
		{39FB6FE5-3C4D-4298-A860-4F83CC206CEC}.Release|x86.Deploy.0 = Release|x86
		{949D194F-1B7D-4A6E-9190-C3946882B384}.Ad-Hoc|Any CPU.ActiveCfg = Release|Any CPU
		{949D194F-1B7D-4A6E-9190-C3946882B384}.Ad-Hoc|Any CPU.Build.0 = Release|Any CPU
		{949D194F-1B7D-4A6E-9190-C3946882B384}.Ad-Hoc|ARM.ActiveCfg = Release|Any CPU
		{949D194F-1B7D-4A6E-9190-C3946882B384}.Ad-Hoc|ARM.Build.0 = Release|Any CPU
		{949D194F-1B7D-4A6E-9190-C3946882B384}.Ad-Hoc|iPhone.ActiveCfg = Release|Any CPU
		{949D194F-1B7D-4A6E-9190-C3946882B384}.Ad-Hoc|iPhone.Build.0 = Release|Any CPU
		{949D194F-1B7D-4A6E-9190-C3946882B384}.Ad-Hoc|iPhoneSimulator.ActiveCfg = Release|Any CPU
		{949D194F-1B7D-4A6E-9190-C3946882B384}.Ad-Hoc|iPhoneSimulator.Build.0 = Release|Any CPU
		{949D194F-1B7D-4A6E-9190-C3946882B384}.Ad-Hoc|x64.ActiveCfg = Release|Any CPU
		{949D194F-1B7D-4A6E-9190-C3946882B384}.Ad-Hoc|x64.Build.0 = Release|Any CPU
		{949D194F-1B7D-4A6E-9190-C3946882B384}.Ad-Hoc|x86.ActiveCfg = Release|Any CPU
		{949D194F-1B7D-4A6E-9190-C3946882B384}.Ad-Hoc|x86.Build.0 = Release|Any CPU
		{949D194F-1B7D-4A6E-9190-C3946882B384}.AppStore|Any CPU.ActiveCfg = Release|Any CPU
		{949D194F-1B7D-4A6E-9190-C3946882B384}.AppStore|Any CPU.Build.0 = Release|Any CPU
		{949D194F-1B7D-4A6E-9190-C3946882B384}.AppStore|ARM.ActiveCfg = Release|Any CPU
		{949D194F-1B7D-4A6E-9190-C3946882B384}.AppStore|ARM.Build.0 = Release|Any CPU
		{949D194F-1B7D-4A6E-9190-C3946882B384}.AppStore|iPhone.ActiveCfg = Release|Any CPU
		{949D194F-1B7D-4A6E-9190-C3946882B384}.AppStore|iPhone.Build.0 = Release|Any CPU
		{949D194F-1B7D-4A6E-9190-C3946882B384}.AppStore|iPhoneSimulator.ActiveCfg = Release|Any CPU
		{949D194F-1B7D-4A6E-9190-C3946882B384}.AppStore|iPhoneSimulator.Build.0 = Release|Any CPU
		{949D194F-1B7D-4A6E-9190-C3946882B384}.AppStore|x64.ActiveCfg = Release|Any CPU
		{949D194F-1B7D-4A6E-9190-C3946882B384}.AppStore|x64.Build.0 = Release|Any CPU
		{949D194F-1B7D-4A6E-9190-C3946882B384}.AppStore|x86.ActiveCfg = Release|Any CPU
		{949D194F-1B7D-4A6E-9190-C3946882B384}.AppStore|x86.Build.0 = Release|Any CPU
		{949D194F-1B7D-4A6E-9190-C3946882B384}.Debug|Any CPU.ActiveCfg = Debug|Any CPU
		{949D194F-1B7D-4A6E-9190-C3946882B384}.Debug|Any CPU.Build.0 = Debug|Any CPU
		{949D194F-1B7D-4A6E-9190-C3946882B384}.Debug|ARM.ActiveCfg = Debug|Any CPU
		{949D194F-1B7D-4A6E-9190-C3946882B384}.Debug|ARM.Build.0 = Debug|Any CPU
		{949D194F-1B7D-4A6E-9190-C3946882B384}.Debug|iPhone.ActiveCfg = Debug|Any CPU
		{949D194F-1B7D-4A6E-9190-C3946882B384}.Debug|iPhone.Build.0 = Debug|Any CPU
		{949D194F-1B7D-4A6E-9190-C3946882B384}.Debug|iPhoneSimulator.ActiveCfg = Debug|Any CPU
		{949D194F-1B7D-4A6E-9190-C3946882B384}.Debug|iPhoneSimulator.Build.0 = Debug|Any CPU
		{949D194F-1B7D-4A6E-9190-C3946882B384}.Debug|x64.ActiveCfg = Debug|Any CPU
		{949D194F-1B7D-4A6E-9190-C3946882B384}.Debug|x64.Build.0 = Debug|Any CPU
		{949D194F-1B7D-4A6E-9190-C3946882B384}.Debug|x86.ActiveCfg = Debug|Any CPU
		{949D194F-1B7D-4A6E-9190-C3946882B384}.Debug|x86.Build.0 = Debug|Any CPU
		{949D194F-1B7D-4A6E-9190-C3946882B384}.Release|Any CPU.ActiveCfg = Release|Any CPU
		{949D194F-1B7D-4A6E-9190-C3946882B384}.Release|Any CPU.Build.0 = Release|Any CPU
		{949D194F-1B7D-4A6E-9190-C3946882B384}.Release|ARM.ActiveCfg = Release|Any CPU
		{949D194F-1B7D-4A6E-9190-C3946882B384}.Release|ARM.Build.0 = Release|Any CPU
		{949D194F-1B7D-4A6E-9190-C3946882B384}.Release|iPhone.ActiveCfg = Release|Any CPU
		{949D194F-1B7D-4A6E-9190-C3946882B384}.Release|iPhone.Build.0 = Release|Any CPU
		{949D194F-1B7D-4A6E-9190-C3946882B384}.Release|iPhoneSimulator.ActiveCfg = Release|Any CPU
		{949D194F-1B7D-4A6E-9190-C3946882B384}.Release|iPhoneSimulator.Build.0 = Release|Any CPU
		{949D194F-1B7D-4A6E-9190-C3946882B384}.Release|x64.ActiveCfg = Release|Any CPU
		{949D194F-1B7D-4A6E-9190-C3946882B384}.Release|x64.Build.0 = Release|Any CPU
		{949D194F-1B7D-4A6E-9190-C3946882B384}.Release|x86.ActiveCfg = Release|Any CPU
		{949D194F-1B7D-4A6E-9190-C3946882B384}.Release|x86.Build.0 = Release|Any CPU
	EndGlobalSection
	GlobalSection(SolutionProperties) = preSolution
		HideSolutionNode = FALSE
	EndGlobalSection
EndGlobal
